
Microsoft Visual Studio Solution File, Format Version 12.00
# Visual Studio 14
VisualStudioVersion = 14.0.24720.0
MinimumVisualStudioVersion = 10.0.40219.1
Project("{FAE04EC0-301F-11D3-BF4B-00C04F79EFBC}") = "Orion", "Orion\Orion.csproj", "{31F2B848-5116-422C-A46B-6C27639C02FE}"
EndProject
Project("{FAE04EC0-301F-11D3-BF4B-00C04F79EFBC}") = "Orion.Betelgeuse", "Orion.Betelgeuse\Orion.Betelgeuse.csproj", "{2F5E8246-C1FA-4469-BD9C-85185BEC85FA}"
EndProject
Project("{FAE04EC0-301F-11D3-BF4B-00C04F79EFBC}") = "Orion.Bellatrix", "Orion.Bellatrix\Orion.Bellatrix.csproj", "{7E8D48EA-46D0-4E68-B0E6-74D1A0B34C26}"
EndProject
Global
	GlobalSection(SolutionConfigurationPlatforms) = preSolution
		Debug|Any CPU = Debug|Any CPU
		Debug|ARM = Debug|ARM
		Debug|x64 = Debug|x64
		Debug|x86 = Debug|x86
		Release|Any CPU = Release|Any CPU
		Release|ARM = Release|ARM
		Release|x64 = Release|x64
		Release|x86 = Release|x86
	EndGlobalSection
	GlobalSection(ProjectConfigurationPlatforms) = postSolution
		{31F2B848-5116-422C-A46B-6C27639C02FE}.Debug|Any CPU.ActiveCfg = Debug|x86
		{31F2B848-5116-422C-A46B-6C27639C02FE}.Debug|ARM.ActiveCfg = Debug|ARM
		{31F2B848-5116-422C-A46B-6C27639C02FE}.Debug|ARM.Build.0 = Debug|ARM
		{31F2B848-5116-422C-A46B-6C27639C02FE}.Debug|ARM.Deploy.0 = Debug|ARM
		{31F2B848-5116-422C-A46B-6C27639C02FE}.Debug|x64.ActiveCfg = Debug|x64
		{31F2B848-5116-422C-A46B-6C27639C02FE}.Debug|x64.Build.0 = Debug|x64
		{31F2B848-5116-422C-A46B-6C27639C02FE}.Debug|x64.Deploy.0 = Debug|x64
		{31F2B848-5116-422C-A46B-6C27639C02FE}.Debug|x86.ActiveCfg = Debug|x86
		{31F2B848-5116-422C-A46B-6C27639C02FE}.Debug|x86.Build.0 = Debug|x86
		{31F2B848-5116-422C-A46B-6C27639C02FE}.Debug|x86.Deploy.0 = Debug|x86
		{31F2B848-5116-422C-A46B-6C27639C02FE}.Release|Any CPU.ActiveCfg = Release|x86
		{31F2B848-5116-422C-A46B-6C27639C02FE}.Release|ARM.ActiveCfg = Release|ARM
		{31F2B848-5116-422C-A46B-6C27639C02FE}.Release|ARM.Build.0 = Release|ARM
		{31F2B848-5116-422C-A46B-6C27639C02FE}.Release|ARM.Deploy.0 = Release|ARM
		{31F2B848-5116-422C-A46B-6C27639C02FE}.Release|x64.ActiveCfg = Release|x64
		{31F2B848-5116-422C-A46B-6C27639C02FE}.Release|x64.Build.0 = Release|x64
		{31F2B848-5116-422C-A46B-6C27639C02FE}.Release|x64.Deploy.0 = Release|x64
		{31F2B848-5116-422C-A46B-6C27639C02FE}.Release|x86.ActiveCfg = Release|x86
		{31F2B848-5116-422C-A46B-6C27639C02FE}.Release|x86.Build.0 = Release|x86
		{31F2B848-5116-422C-A46B-6C27639C02FE}.Release|x86.Deploy.0 = Release|x86
		{2F5E8246-C1FA-4469-BD9C-85185BEC85FA}.Debug|Any CPU.ActiveCfg = Debug|Any CPU
		{2F5E8246-C1FA-4469-BD9C-85185BEC85FA}.Debug|Any CPU.Build.0 = Debug|Any CPU
		{2F5E8246-C1FA-4469-BD9C-85185BEC85FA}.Debug|ARM.ActiveCfg = Debug|ARM
		{2F5E8246-C1FA-4469-BD9C-85185BEC85FA}.Debug|ARM.Build.0 = Debug|ARM
		{2F5E8246-C1FA-4469-BD9C-85185BEC85FA}.Debug|x64.ActiveCfg = Debug|x64
		{2F5E8246-C1FA-4469-BD9C-85185BEC85FA}.Debug|x64.Build.0 = Debug|x64
		{2F5E8246-C1FA-4469-BD9C-85185BEC85FA}.Debug|x86.ActiveCfg = Debug|x86
		{2F5E8246-C1FA-4469-BD9C-85185BEC85FA}.Debug|x86.Build.0 = Debug|x86
		{2F5E8246-C1FA-4469-BD9C-85185BEC85FA}.Release|Any CPU.ActiveCfg = Release|Any CPU
		{2F5E8246-C1FA-4469-BD9C-85185BEC85FA}.Release|Any CPU.Build.0 = Release|Any CPU
		{2F5E8246-C1FA-4469-BD9C-85185BEC85FA}.Release|ARM.ActiveCfg = Release|ARM
		{2F5E8246-C1FA-4469-BD9C-85185BEC85FA}.Release|ARM.Build.0 = Release|ARM
		{2F5E8246-C1FA-4469-BD9C-85185BEC85FA}.Release|x64.ActiveCfg = Release|x64
		{2F5E8246-C1FA-4469-BD9C-85185BEC85FA}.Release|x64.Build.0 = Release|x64
		{2F5E8246-C1FA-4469-BD9C-85185BEC85FA}.Release|x86.ActiveCfg = Release|x86
		{2F5E8246-C1FA-4469-BD9C-85185BEC85FA}.Release|x86.Build.0 = Release|x86
		{7E8D48EA-46D0-4E68-B0E6-74D1A0B34C26}.Debug|Any CPU.ActiveCfg = Debug|Any CPU
		{7E8D48EA-46D0-4E68-B0E6-74D1A0B34C26}.Debug|Any CPU.Build.0 = Debug|Any CPU
		{7E8D48EA-46D0-4E68-B0E6-74D1A0B34C26}.Debug|ARM.ActiveCfg = Debug|ARM
		{7E8D48EA-46D0-4E68-B0E6-74D1A0B34C26}.Debug|ARM.Build.0 = Debug|ARM
		{7E8D48EA-46D0-4E68-B0E6-74D1A0B34C26}.Debug|x64.ActiveCfg = Debug|x64
		{7E8D48EA-46D0-4E68-B0E6-74D1A0B34C26}.Debug|x64.Build.0 = Debug|x64
		{7E8D48EA-46D0-4E68-B0E6-74D1A0B34C26}.Debug|x86.ActiveCfg = Debug|x86
		{7E8D48EA-46D0-4E68-B0E6-74D1A0B34C26}.Debug|x86.Build.0 = Debug|x86
		{7E8D48EA-46D0-4E68-B0E6-74D1A0B34C26}.Release|Any CPU.ActiveCfg = Release|Any CPU
		{7E8D48EA-46D0-4E68-B0E6-74D1A0B34C26}.Release|Any CPU.Build.0 = Release|Any CPU
		{7E8D48EA-46D0-4E68-B0E6-74D1A0B34C26}.Release|ARM.ActiveCfg = Release|ARM
		{7E8D48EA-46D0-4E68-B0E6-74D1A0B34C26}.Release|ARM.Build.0 = Release|ARM
		{7E8D48EA-46D0-4E68-B0E6-74D1A0B34C26}.Release|x64.ActiveCfg = Release|x64
		{7E8D48EA-46D0-4E68-B0E6-74D1A0B34C26}.Release|x64.Build.0 = Release|x64
		{7E8D48EA-46D0-4E68-B0E6-74D1A0B34C26}.Release|x86.ActiveCfg = Release|x86
		{7E8D48EA-46D0-4E68-B0E6-74D1A0B34C26}.Release|x86.Build.0 = Release|x86
	EndGlobalSection
	GlobalSection(SolutionProperties) = preSolution
		HideSolutionNode = FALSE
	EndGlobalSection
EndGlobal
