Microsoft Visual Studio Solution File, Format Version 12.00
# Visual Studio 15
VisualStudioVersion = 15.0.26430.6
MinimumVisualStudioVersion = 10.0.40219.1
Project("{FAE04EC0-301F-11D3-BF4B-00C04F79EFBC}") = "Orion.Interfaces", "Orion.Interfaces\Orion.Interfaces.csproj", "{04ACFB94-D7CF-4AB1-B521-A3DB1F902C63}"
EndProject
Project("{FAE04EC0-301F-11D3-BF4B-00C04F79EFBC}") = "Orion.Shared", "Orion.Shared\Orion.Shared.csproj", "{31647FC1-4A1D-4EE2-B38E-7D514E78ABA7}"
EndProject
Project("{FAE04EC0-301F-11D3-BF4B-00C04F79EFBC}") = "Orion.UWP", "Orion.UWP\Orion.UWP.csproj", "{7BFB0EE8-DE4C-4360-B570-E5136A8172E5}"
EndProject
Project("{FAE04EC0-301F-11D3-BF4B-00C04F79EFBC}") = "Orion.Droid", "Orion.Droid\Orion.Droid.csproj", "{A4189F4A-482E-4B17-A009-09FE5C8E9107}"
EndProject
Project("{FAE04EC0-301F-11D3-BF4B-00C04F79EFBC}") = "Orion.iOS", "Orion.iOS\Orion.iOS.csproj", "{06C603F6-35C3-4520-9A20-2A05EF32582A}"
EndProject
Project("{FAE04EC0-301F-11D3-BF4B-00C04F79EFBC}") = "Orion.Mac", "Orion.Mac\Orion.Mac.csproj", "{03106545-F08B-416C-98DB-3BF1BD2D924B}"
EndProject
Project("{2150E333-8FDC-42A3-9474-1A3956D46DE8}") = "SolutionItems", "SolutionItems", "{345A5BD4-9EA0-4B13-9FFE-FC4AFB5449A7}"
	ProjectSection(SolutionItems) = preProject
		..\.gitignore = ..\.gitignore
		..\Emoji.linq = ..\Emoji.linq
		..\LICENSE = ..\LICENSE
		..\README.md = ..\README.md
	EndProjectSection
EndProject
Project("{2150E333-8FDC-42A3-9474-1A3956D46DE8}") = "Services", "Services", "{E68F89FA-AC55-4DA6-B799-A0BB25536A50}"
EndProject
Project("{FAE04EC0-301F-11D3-BF4B-00C04F79EFBC}") = "Orion.Service.Mastodon", "Orion.Service.Mastodon\Orion.Service.Mastodon.csproj", "{A0CA97B5-AB84-4124-8012-3738E7B2CBBB}"
EndProject
Project("{FAE04EC0-301F-11D3-BF4B-00C04F79EFBC}") = "Orion.Service.GnuSocial", "Orion.Service.GnuSocial\Orion.Service.GnuSocial.csproj", "{08E1AB0F-F76F-4815-974A-0899B7AA5498}"
EndProject
Project("{FAE04EC0-301F-11D3-BF4B-00C04F79EFBC}") = "Orion.Service.Shared", "Orion.Service.Shared\Orion.Service.Shared.csproj", "{325CD7FF-1077-4B4B-81B9-4F491AB43D99}"
EndProject
Project("{FAE04EC0-301F-11D3-BF4B-00C04F79EFBC}") = "Orion.Service.Croudia", "Orion.Service.Croudia\Orion.Service.Croudia.csproj", "{CE99FFE9-63D8-4887-9401-E7ABBB228A1A}"
EndProject
Project("{FAE04EC0-301F-11D3-BF4B-00C04F79EFBC}") = "Orion.Service.FkStreaming", "Orion.Service.FkStreaming\Orion.Service.FkStreaming.csproj", "{2E32178A-E962-4BF5-A899-402A7C827BAA}"
EndProject
Project("{FAE04EC0-301F-11D3-BF4B-00C04F79EFBC}") = "Orion.Scripting", "Orion.Scripting\Orion.Scripting.csproj", "{B943208E-D516-4D07-8487-4601209E64E3}"
EndProject
Global
	GlobalSection(SolutionConfigurationPlatforms) = preSolution
		Ad-Hoc|Any CPU = Ad-Hoc|Any CPU
		Ad-Hoc|ARM = Ad-Hoc|ARM
		Ad-Hoc|iPhone = Ad-Hoc|iPhone
		Ad-Hoc|iPhoneSimulator = Ad-Hoc|iPhoneSimulator
		Ad-Hoc|x64 = Ad-Hoc|x64
		Ad-Hoc|x86 = Ad-Hoc|x86
		AppStore|Any CPU = AppStore|Any CPU
		AppStore|ARM = AppStore|ARM
		AppStore|iPhone = AppStore|iPhone
		AppStore|iPhoneSimulator = AppStore|iPhoneSimulator
		AppStore|x64 = AppStore|x64
		AppStore|x86 = AppStore|x86
		Debug|Any CPU = Debug|Any CPU
		Debug|ARM = Debug|ARM
		Debug|iPhone = Debug|iPhone
		Debug|iPhoneSimulator = Debug|iPhoneSimulator
		Debug|x64 = Debug|x64
		Debug|x86 = Debug|x86
		Release|Any CPU = Release|Any CPU
		Release|ARM = Release|ARM
		Release|iPhone = Release|iPhone
		Release|iPhoneSimulator = Release|iPhoneSimulator
		Release|x64 = Release|x64
		Release|x86 = Release|x86
	EndGlobalSection
	GlobalSection(ProjectConfigurationPlatforms) = postSolution
		{04ACFB94-D7CF-4AB1-B521-A3DB1F902C63}.Ad-Hoc|Any CPU.ActiveCfg = Debug|Any CPU
		{04ACFB94-D7CF-4AB1-B521-A3DB1F902C63}.Ad-Hoc|Any CPU.Build.0 = Debug|Any CPU
		{04ACFB94-D7CF-4AB1-B521-A3DB1F902C63}.Ad-Hoc|ARM.ActiveCfg = Debug|Any CPU
		{04ACFB94-D7CF-4AB1-B521-A3DB1F902C63}.Ad-Hoc|ARM.Build.0 = Debug|Any CPU
		{04ACFB94-D7CF-4AB1-B521-A3DB1F902C63}.Ad-Hoc|iPhone.ActiveCfg = Debug|Any CPU
		{04ACFB94-D7CF-4AB1-B521-A3DB1F902C63}.Ad-Hoc|iPhone.Build.0 = Debug|Any CPU
		{04ACFB94-D7CF-4AB1-B521-A3DB1F902C63}.Ad-Hoc|iPhoneSimulator.ActiveCfg = Debug|Any CPU
		{04ACFB94-D7CF-4AB1-B521-A3DB1F902C63}.Ad-Hoc|iPhoneSimulator.Build.0 = Debug|Any CPU
		{04ACFB94-D7CF-4AB1-B521-A3DB1F902C63}.Ad-Hoc|x64.ActiveCfg = Debug|Any CPU
		{04ACFB94-D7CF-4AB1-B521-A3DB1F902C63}.Ad-Hoc|x64.Build.0 = Debug|Any CPU
		{04ACFB94-D7CF-4AB1-B521-A3DB1F902C63}.Ad-Hoc|x86.ActiveCfg = Debug|Any CPU
		{04ACFB94-D7CF-4AB1-B521-A3DB1F902C63}.Ad-Hoc|x86.Build.0 = Debug|Any CPU
		{04ACFB94-D7CF-4AB1-B521-A3DB1F902C63}.AppStore|Any CPU.ActiveCfg = Debug|Any CPU
		{04ACFB94-D7CF-4AB1-B521-A3DB1F902C63}.AppStore|Any CPU.Build.0 = Debug|Any CPU
		{04ACFB94-D7CF-4AB1-B521-A3DB1F902C63}.AppStore|ARM.ActiveCfg = Debug|Any CPU
		{04ACFB94-D7CF-4AB1-B521-A3DB1F902C63}.AppStore|ARM.Build.0 = Debug|Any CPU
		{04ACFB94-D7CF-4AB1-B521-A3DB1F902C63}.AppStore|iPhone.ActiveCfg = Debug|Any CPU
		{04ACFB94-D7CF-4AB1-B521-A3DB1F902C63}.AppStore|iPhone.Build.0 = Debug|Any CPU
		{04ACFB94-D7CF-4AB1-B521-A3DB1F902C63}.AppStore|iPhoneSimulator.ActiveCfg = Debug|Any CPU
		{04ACFB94-D7CF-4AB1-B521-A3DB1F902C63}.AppStore|iPhoneSimulator.Build.0 = Debug|Any CPU
		{04ACFB94-D7CF-4AB1-B521-A3DB1F902C63}.AppStore|x64.ActiveCfg = Debug|Any CPU
		{04ACFB94-D7CF-4AB1-B521-A3DB1F902C63}.AppStore|x64.Build.0 = Debug|Any CPU
		{04ACFB94-D7CF-4AB1-B521-A3DB1F902C63}.AppStore|x86.ActiveCfg = Debug|Any CPU
		{04ACFB94-D7CF-4AB1-B521-A3DB1F902C63}.AppStore|x86.Build.0 = Debug|Any CPU
		{04ACFB94-D7CF-4AB1-B521-A3DB1F902C63}.Debug|Any CPU.ActiveCfg = Debug|Any CPU
		{04ACFB94-D7CF-4AB1-B521-A3DB1F902C63}.Debug|Any CPU.Build.0 = Debug|Any CPU
		{04ACFB94-D7CF-4AB1-B521-A3DB1F902C63}.Debug|ARM.ActiveCfg = Debug|Any CPU
		{04ACFB94-D7CF-4AB1-B521-A3DB1F902C63}.Debug|ARM.Build.0 = Debug|Any CPU
		{04ACFB94-D7CF-4AB1-B521-A3DB1F902C63}.Debug|iPhone.ActiveCfg = Debug|Any CPU
		{04ACFB94-D7CF-4AB1-B521-A3DB1F902C63}.Debug|iPhone.Build.0 = Debug|Any CPU
		{04ACFB94-D7CF-4AB1-B521-A3DB1F902C63}.Debug|iPhoneSimulator.ActiveCfg = Debug|Any CPU
		{04ACFB94-D7CF-4AB1-B521-A3DB1F902C63}.Debug|iPhoneSimulator.Build.0 = Debug|Any CPU
		{04ACFB94-D7CF-4AB1-B521-A3DB1F902C63}.Debug|x64.ActiveCfg = Debug|Any CPU
		{04ACFB94-D7CF-4AB1-B521-A3DB1F902C63}.Debug|x64.Build.0 = Debug|Any CPU
		{04ACFB94-D7CF-4AB1-B521-A3DB1F902C63}.Debug|x86.ActiveCfg = Debug|Any CPU
		{04ACFB94-D7CF-4AB1-B521-A3DB1F902C63}.Debug|x86.Build.0 = Debug|Any CPU
		{04ACFB94-D7CF-4AB1-B521-A3DB1F902C63}.Release|Any CPU.ActiveCfg = Release|Any CPU
		{04ACFB94-D7CF-4AB1-B521-A3DB1F902C63}.Release|Any CPU.Build.0 = Release|Any CPU
		{04ACFB94-D7CF-4AB1-B521-A3DB1F902C63}.Release|ARM.ActiveCfg = Release|Any CPU
		{04ACFB94-D7CF-4AB1-B521-A3DB1F902C63}.Release|ARM.Build.0 = Release|Any CPU
		{04ACFB94-D7CF-4AB1-B521-A3DB1F902C63}.Release|iPhone.ActiveCfg = Release|Any CPU
		{04ACFB94-D7CF-4AB1-B521-A3DB1F902C63}.Release|iPhone.Build.0 = Release|Any CPU
		{04ACFB94-D7CF-4AB1-B521-A3DB1F902C63}.Release|iPhoneSimulator.ActiveCfg = Release|Any CPU
		{04ACFB94-D7CF-4AB1-B521-A3DB1F902C63}.Release|iPhoneSimulator.Build.0 = Release|Any CPU
		{04ACFB94-D7CF-4AB1-B521-A3DB1F902C63}.Release|x64.ActiveCfg = Release|Any CPU
		{04ACFB94-D7CF-4AB1-B521-A3DB1F902C63}.Release|x64.Build.0 = Release|Any CPU
		{04ACFB94-D7CF-4AB1-B521-A3DB1F902C63}.Release|x86.ActiveCfg = Release|Any CPU
		{04ACFB94-D7CF-4AB1-B521-A3DB1F902C63}.Release|x86.Build.0 = Release|Any CPU
		{31647FC1-4A1D-4EE2-B38E-7D514E78ABA7}.Ad-Hoc|Any CPU.ActiveCfg = Debug|Any CPU
		{31647FC1-4A1D-4EE2-B38E-7D514E78ABA7}.Ad-Hoc|Any CPU.Build.0 = Debug|Any CPU
		{31647FC1-4A1D-4EE2-B38E-7D514E78ABA7}.Ad-Hoc|ARM.ActiveCfg = Debug|Any CPU
		{31647FC1-4A1D-4EE2-B38E-7D514E78ABA7}.Ad-Hoc|ARM.Build.0 = Debug|Any CPU
		{31647FC1-4A1D-4EE2-B38E-7D514E78ABA7}.Ad-Hoc|iPhone.ActiveCfg = Debug|Any CPU
		{31647FC1-4A1D-4EE2-B38E-7D514E78ABA7}.Ad-Hoc|iPhone.Build.0 = Debug|Any CPU
		{31647FC1-4A1D-4EE2-B38E-7D514E78ABA7}.Ad-Hoc|iPhoneSimulator.ActiveCfg = Debug|Any CPU
		{31647FC1-4A1D-4EE2-B38E-7D514E78ABA7}.Ad-Hoc|iPhoneSimulator.Build.0 = Debug|Any CPU
		{31647FC1-4A1D-4EE2-B38E-7D514E78ABA7}.Ad-Hoc|x64.ActiveCfg = Debug|Any CPU
		{31647FC1-4A1D-4EE2-B38E-7D514E78ABA7}.Ad-Hoc|x64.Build.0 = Debug|Any CPU
		{31647FC1-4A1D-4EE2-B38E-7D514E78ABA7}.Ad-Hoc|x86.ActiveCfg = Debug|Any CPU
		{31647FC1-4A1D-4EE2-B38E-7D514E78ABA7}.Ad-Hoc|x86.Build.0 = Debug|Any CPU
		{31647FC1-4A1D-4EE2-B38E-7D514E78ABA7}.AppStore|Any CPU.ActiveCfg = Debug|Any CPU
		{31647FC1-4A1D-4EE2-B38E-7D514E78ABA7}.AppStore|Any CPU.Build.0 = Debug|Any CPU
		{31647FC1-4A1D-4EE2-B38E-7D514E78ABA7}.AppStore|ARM.ActiveCfg = Debug|Any CPU
		{31647FC1-4A1D-4EE2-B38E-7D514E78ABA7}.AppStore|ARM.Build.0 = Debug|Any CPU
		{31647FC1-4A1D-4EE2-B38E-7D514E78ABA7}.AppStore|iPhone.ActiveCfg = Debug|Any CPU
		{31647FC1-4A1D-4EE2-B38E-7D514E78ABA7}.AppStore|iPhone.Build.0 = Debug|Any CPU
		{31647FC1-4A1D-4EE2-B38E-7D514E78ABA7}.AppStore|iPhoneSimulator.ActiveCfg = Debug|Any CPU
		{31647FC1-4A1D-4EE2-B38E-7D514E78ABA7}.AppStore|iPhoneSimulator.Build.0 = Debug|Any CPU
		{31647FC1-4A1D-4EE2-B38E-7D514E78ABA7}.AppStore|x64.ActiveCfg = Debug|Any CPU
		{31647FC1-4A1D-4EE2-B38E-7D514E78ABA7}.AppStore|x64.Build.0 = Debug|Any CPU
		{31647FC1-4A1D-4EE2-B38E-7D514E78ABA7}.AppStore|x86.ActiveCfg = Debug|Any CPU
		{31647FC1-4A1D-4EE2-B38E-7D514E78ABA7}.AppStore|x86.Build.0 = Debug|Any CPU
		{31647FC1-4A1D-4EE2-B38E-7D514E78ABA7}.Debug|Any CPU.ActiveCfg = Debug|Any CPU
		{31647FC1-4A1D-4EE2-B38E-7D514E78ABA7}.Debug|Any CPU.Build.0 = Debug|Any CPU
		{31647FC1-4A1D-4EE2-B38E-7D514E78ABA7}.Debug|ARM.ActiveCfg = Debug|Any CPU
		{31647FC1-4A1D-4EE2-B38E-7D514E78ABA7}.Debug|ARM.Build.0 = Debug|Any CPU
		{31647FC1-4A1D-4EE2-B38E-7D514E78ABA7}.Debug|iPhone.ActiveCfg = Debug|Any CPU
		{31647FC1-4A1D-4EE2-B38E-7D514E78ABA7}.Debug|iPhone.Build.0 = Debug|Any CPU
		{31647FC1-4A1D-4EE2-B38E-7D514E78ABA7}.Debug|iPhoneSimulator.ActiveCfg = Debug|Any CPU
		{31647FC1-4A1D-4EE2-B38E-7D514E78ABA7}.Debug|iPhoneSimulator.Build.0 = Debug|Any CPU
		{31647FC1-4A1D-4EE2-B38E-7D514E78ABA7}.Debug|x64.ActiveCfg = Debug|Any CPU
		{31647FC1-4A1D-4EE2-B38E-7D514E78ABA7}.Debug|x64.Build.0 = Debug|Any CPU
		{31647FC1-4A1D-4EE2-B38E-7D514E78ABA7}.Debug|x86.ActiveCfg = Debug|Any CPU
		{31647FC1-4A1D-4EE2-B38E-7D514E78ABA7}.Debug|x86.Build.0 = Debug|Any CPU
		{31647FC1-4A1D-4EE2-B38E-7D514E78ABA7}.Release|Any CPU.ActiveCfg = Release|Any CPU
		{31647FC1-4A1D-4EE2-B38E-7D514E78ABA7}.Release|Any CPU.Build.0 = Release|Any CPU
		{31647FC1-4A1D-4EE2-B38E-7D514E78ABA7}.Release|ARM.ActiveCfg = Release|Any CPU
		{31647FC1-4A1D-4EE2-B38E-7D514E78ABA7}.Release|ARM.Build.0 = Release|Any CPU
		{31647FC1-4A1D-4EE2-B38E-7D514E78ABA7}.Release|iPhone.ActiveCfg = Release|Any CPU
		{31647FC1-4A1D-4EE2-B38E-7D514E78ABA7}.Release|iPhone.Build.0 = Release|Any CPU
		{31647FC1-4A1D-4EE2-B38E-7D514E78ABA7}.Release|iPhoneSimulator.ActiveCfg = Release|Any CPU
		{31647FC1-4A1D-4EE2-B38E-7D514E78ABA7}.Release|iPhoneSimulator.Build.0 = Release|Any CPU
		{31647FC1-4A1D-4EE2-B38E-7D514E78ABA7}.Release|x64.ActiveCfg = Release|Any CPU
		{31647FC1-4A1D-4EE2-B38E-7D514E78ABA7}.Release|x64.Build.0 = Release|Any CPU
		{31647FC1-4A1D-4EE2-B38E-7D514E78ABA7}.Release|x86.ActiveCfg = Release|Any CPU
		{31647FC1-4A1D-4EE2-B38E-7D514E78ABA7}.Release|x86.Build.0 = Release|Any CPU
		{7BFB0EE8-DE4C-4360-B570-E5136A8172E5}.Ad-Hoc|Any CPU.ActiveCfg = Release|x64
		{7BFB0EE8-DE4C-4360-B570-E5136A8172E5}.Ad-Hoc|Any CPU.Build.0 = Release|x64
		{7BFB0EE8-DE4C-4360-B570-E5136A8172E5}.Ad-Hoc|Any CPU.Deploy.0 = Release|x64
		{7BFB0EE8-DE4C-4360-B570-E5136A8172E5}.Ad-Hoc|ARM.ActiveCfg = Release|ARM
		{7BFB0EE8-DE4C-4360-B570-E5136A8172E5}.Ad-Hoc|ARM.Build.0 = Release|ARM
		{7BFB0EE8-DE4C-4360-B570-E5136A8172E5}.Ad-Hoc|ARM.Deploy.0 = Release|ARM
		{7BFB0EE8-DE4C-4360-B570-E5136A8172E5}.Ad-Hoc|iPhone.ActiveCfg = Release|x64
		{7BFB0EE8-DE4C-4360-B570-E5136A8172E5}.Ad-Hoc|iPhone.Build.0 = Release|x64
		{7BFB0EE8-DE4C-4360-B570-E5136A8172E5}.Ad-Hoc|iPhone.Deploy.0 = Release|x64
		{7BFB0EE8-DE4C-4360-B570-E5136A8172E5}.Ad-Hoc|iPhoneSimulator.ActiveCfg = Release|x64
		{7BFB0EE8-DE4C-4360-B570-E5136A8172E5}.Ad-Hoc|iPhoneSimulator.Build.0 = Release|x64
		{7BFB0EE8-DE4C-4360-B570-E5136A8172E5}.Ad-Hoc|iPhoneSimulator.Deploy.0 = Release|x64
		{7BFB0EE8-DE4C-4360-B570-E5136A8172E5}.Ad-Hoc|x64.ActiveCfg = Release|x64
		{7BFB0EE8-DE4C-4360-B570-E5136A8172E5}.Ad-Hoc|x64.Build.0 = Release|x64
		{7BFB0EE8-DE4C-4360-B570-E5136A8172E5}.Ad-Hoc|x64.Deploy.0 = Release|x64
		{7BFB0EE8-DE4C-4360-B570-E5136A8172E5}.Ad-Hoc|x86.ActiveCfg = Release|x86
		{7BFB0EE8-DE4C-4360-B570-E5136A8172E5}.Ad-Hoc|x86.Build.0 = Release|x86
		{7BFB0EE8-DE4C-4360-B570-E5136A8172E5}.Ad-Hoc|x86.Deploy.0 = Release|x86
		{7BFB0EE8-DE4C-4360-B570-E5136A8172E5}.AppStore|Any CPU.ActiveCfg = Release|x64
		{7BFB0EE8-DE4C-4360-B570-E5136A8172E5}.AppStore|Any CPU.Build.0 = Release|x64
		{7BFB0EE8-DE4C-4360-B570-E5136A8172E5}.AppStore|Any CPU.Deploy.0 = Release|x64
		{7BFB0EE8-DE4C-4360-B570-E5136A8172E5}.AppStore|ARM.ActiveCfg = Release|ARM
		{7BFB0EE8-DE4C-4360-B570-E5136A8172E5}.AppStore|ARM.Build.0 = Release|ARM
		{7BFB0EE8-DE4C-4360-B570-E5136A8172E5}.AppStore|ARM.Deploy.0 = Release|ARM
		{7BFB0EE8-DE4C-4360-B570-E5136A8172E5}.AppStore|iPhone.ActiveCfg = Release|x64
		{7BFB0EE8-DE4C-4360-B570-E5136A8172E5}.AppStore|iPhone.Build.0 = Release|x64
		{7BFB0EE8-DE4C-4360-B570-E5136A8172E5}.AppStore|iPhone.Deploy.0 = Release|x64
		{7BFB0EE8-DE4C-4360-B570-E5136A8172E5}.AppStore|iPhoneSimulator.ActiveCfg = Release|x64
		{7BFB0EE8-DE4C-4360-B570-E5136A8172E5}.AppStore|iPhoneSimulator.Build.0 = Release|x64
		{7BFB0EE8-DE4C-4360-B570-E5136A8172E5}.AppStore|iPhoneSimulator.Deploy.0 = Release|x64
		{7BFB0EE8-DE4C-4360-B570-E5136A8172E5}.AppStore|x64.ActiveCfg = Release|x64
		{7BFB0EE8-DE4C-4360-B570-E5136A8172E5}.AppStore|x64.Build.0 = Release|x64
		{7BFB0EE8-DE4C-4360-B570-E5136A8172E5}.AppStore|x64.Deploy.0 = Release|x64
		{7BFB0EE8-DE4C-4360-B570-E5136A8172E5}.AppStore|x86.ActiveCfg = Release|x86
		{7BFB0EE8-DE4C-4360-B570-E5136A8172E5}.AppStore|x86.Build.0 = Release|x86
		{7BFB0EE8-DE4C-4360-B570-E5136A8172E5}.AppStore|x86.Deploy.0 = Release|x86
		{7BFB0EE8-DE4C-4360-B570-E5136A8172E5}.Debug|Any CPU.ActiveCfg = Debug|x86
		{7BFB0EE8-DE4C-4360-B570-E5136A8172E5}.Debug|ARM.ActiveCfg = Debug|ARM
		{7BFB0EE8-DE4C-4360-B570-E5136A8172E5}.Debug|ARM.Build.0 = Debug|ARM
		{7BFB0EE8-DE4C-4360-B570-E5136A8172E5}.Debug|ARM.Deploy.0 = Debug|ARM
		{7BFB0EE8-DE4C-4360-B570-E5136A8172E5}.Debug|iPhone.ActiveCfg = Debug|x86
		{7BFB0EE8-DE4C-4360-B570-E5136A8172E5}.Debug|iPhoneSimulator.ActiveCfg = Debug|x86
		{7BFB0EE8-DE4C-4360-B570-E5136A8172E5}.Debug|x64.ActiveCfg = Debug|x64
		{7BFB0EE8-DE4C-4360-B570-E5136A8172E5}.Debug|x64.Build.0 = Debug|x64
		{7BFB0EE8-DE4C-4360-B570-E5136A8172E5}.Debug|x64.Deploy.0 = Debug|x64
		{7BFB0EE8-DE4C-4360-B570-E5136A8172E5}.Debug|x86.ActiveCfg = Debug|x86
		{7BFB0EE8-DE4C-4360-B570-E5136A8172E5}.Debug|x86.Build.0 = Debug|x86
		{7BFB0EE8-DE4C-4360-B570-E5136A8172E5}.Debug|x86.Deploy.0 = Debug|x86
		{7BFB0EE8-DE4C-4360-B570-E5136A8172E5}.Release|Any CPU.ActiveCfg = Release|x86
		{7BFB0EE8-DE4C-4360-B570-E5136A8172E5}.Release|ARM.ActiveCfg = Release|ARM
		{7BFB0EE8-DE4C-4360-B570-E5136A8172E5}.Release|ARM.Build.0 = Release|ARM
		{7BFB0EE8-DE4C-4360-B570-E5136A8172E5}.Release|ARM.Deploy.0 = Release|ARM
		{7BFB0EE8-DE4C-4360-B570-E5136A8172E5}.Release|iPhone.ActiveCfg = Release|x86
		{7BFB0EE8-DE4C-4360-B570-E5136A8172E5}.Release|iPhoneSimulator.ActiveCfg = Release|x86
		{7BFB0EE8-DE4C-4360-B570-E5136A8172E5}.Release|x64.ActiveCfg = Release|x64
		{7BFB0EE8-DE4C-4360-B570-E5136A8172E5}.Release|x64.Build.0 = Release|x64
		{7BFB0EE8-DE4C-4360-B570-E5136A8172E5}.Release|x64.Deploy.0 = Release|x64
		{7BFB0EE8-DE4C-4360-B570-E5136A8172E5}.Release|x86.ActiveCfg = Release|x86
		{7BFB0EE8-DE4C-4360-B570-E5136A8172E5}.Release|x86.Build.0 = Release|x86
		{7BFB0EE8-DE4C-4360-B570-E5136A8172E5}.Release|x86.Deploy.0 = Release|x86
		{A4189F4A-482E-4B17-A009-09FE5C8E9107}.Ad-Hoc|Any CPU.ActiveCfg = Release|Any CPU
		{A4189F4A-482E-4B17-A009-09FE5C8E9107}.Ad-Hoc|Any CPU.Build.0 = Release|Any CPU
		{A4189F4A-482E-4B17-A009-09FE5C8E9107}.Ad-Hoc|Any CPU.Deploy.0 = Release|Any CPU
		{A4189F4A-482E-4B17-A009-09FE5C8E9107}.Ad-Hoc|ARM.ActiveCfg = Release|Any CPU
		{A4189F4A-482E-4B17-A009-09FE5C8E9107}.Ad-Hoc|ARM.Build.0 = Release|Any CPU
		{A4189F4A-482E-4B17-A009-09FE5C8E9107}.Ad-Hoc|ARM.Deploy.0 = Release|Any CPU
		{A4189F4A-482E-4B17-A009-09FE5C8E9107}.Ad-Hoc|iPhone.ActiveCfg = Release|Any CPU
		{A4189F4A-482E-4B17-A009-09FE5C8E9107}.Ad-Hoc|iPhone.Build.0 = Release|Any CPU
		{A4189F4A-482E-4B17-A009-09FE5C8E9107}.Ad-Hoc|iPhone.Deploy.0 = Release|Any CPU
		{A4189F4A-482E-4B17-A009-09FE5C8E9107}.Ad-Hoc|iPhoneSimulator.ActiveCfg = Release|Any CPU
		{A4189F4A-482E-4B17-A009-09FE5C8E9107}.Ad-Hoc|iPhoneSimulator.Build.0 = Release|Any CPU
		{A4189F4A-482E-4B17-A009-09FE5C8E9107}.Ad-Hoc|iPhoneSimulator.Deploy.0 = Release|Any CPU
		{A4189F4A-482E-4B17-A009-09FE5C8E9107}.Ad-Hoc|x64.ActiveCfg = Release|Any CPU
		{A4189F4A-482E-4B17-A009-09FE5C8E9107}.Ad-Hoc|x64.Build.0 = Release|Any CPU
		{A4189F4A-482E-4B17-A009-09FE5C8E9107}.Ad-Hoc|x64.Deploy.0 = Release|Any CPU
		{A4189F4A-482E-4B17-A009-09FE5C8E9107}.Ad-Hoc|x86.ActiveCfg = Release|Any CPU
		{A4189F4A-482E-4B17-A009-09FE5C8E9107}.Ad-Hoc|x86.Build.0 = Release|Any CPU
		{A4189F4A-482E-4B17-A009-09FE5C8E9107}.Ad-Hoc|x86.Deploy.0 = Release|Any CPU
		{A4189F4A-482E-4B17-A009-09FE5C8E9107}.AppStore|Any CPU.ActiveCfg = Release|Any CPU
		{A4189F4A-482E-4B17-A009-09FE5C8E9107}.AppStore|Any CPU.Build.0 = Release|Any CPU
		{A4189F4A-482E-4B17-A009-09FE5C8E9107}.AppStore|Any CPU.Deploy.0 = Release|Any CPU
		{A4189F4A-482E-4B17-A009-09FE5C8E9107}.AppStore|ARM.ActiveCfg = Release|Any CPU
		{A4189F4A-482E-4B17-A009-09FE5C8E9107}.AppStore|ARM.Build.0 = Release|Any CPU
		{A4189F4A-482E-4B17-A009-09FE5C8E9107}.AppStore|ARM.Deploy.0 = Release|Any CPU
		{A4189F4A-482E-4B17-A009-09FE5C8E9107}.AppStore|iPhone.ActiveCfg = Release|Any CPU
		{A4189F4A-482E-4B17-A009-09FE5C8E9107}.AppStore|iPhone.Build.0 = Release|Any CPU
		{A4189F4A-482E-4B17-A009-09FE5C8E9107}.AppStore|iPhone.Deploy.0 = Release|Any CPU
		{A4189F4A-482E-4B17-A009-09FE5C8E9107}.AppStore|iPhoneSimulator.ActiveCfg = Release|Any CPU
		{A4189F4A-482E-4B17-A009-09FE5C8E9107}.AppStore|iPhoneSimulator.Build.0 = Release|Any CPU
		{A4189F4A-482E-4B17-A009-09FE5C8E9107}.AppStore|iPhoneSimulator.Deploy.0 = Release|Any CPU
		{A4189F4A-482E-4B17-A009-09FE5C8E9107}.AppStore|x64.ActiveCfg = Release|Any CPU
		{A4189F4A-482E-4B17-A009-09FE5C8E9107}.AppStore|x64.Build.0 = Release|Any CPU
		{A4189F4A-482E-4B17-A009-09FE5C8E9107}.AppStore|x64.Deploy.0 = Release|Any CPU
		{A4189F4A-482E-4B17-A009-09FE5C8E9107}.AppStore|x86.ActiveCfg = Release|Any CPU
		{A4189F4A-482E-4B17-A009-09FE5C8E9107}.AppStore|x86.Build.0 = Release|Any CPU
		{A4189F4A-482E-4B17-A009-09FE5C8E9107}.AppStore|x86.Deploy.0 = Release|Any CPU
		{A4189F4A-482E-4B17-A009-09FE5C8E9107}.Debug|Any CPU.ActiveCfg = Debug|Any CPU
		{A4189F4A-482E-4B17-A009-09FE5C8E9107}.Debug|Any CPU.Build.0 = Debug|Any CPU
		{A4189F4A-482E-4B17-A009-09FE5C8E9107}.Debug|Any CPU.Deploy.0 = Debug|Any CPU
		{A4189F4A-482E-4B17-A009-09FE5C8E9107}.Debug|ARM.ActiveCfg = Debug|Any CPU
		{A4189F4A-482E-4B17-A009-09FE5C8E9107}.Debug|ARM.Build.0 = Debug|Any CPU
		{A4189F4A-482E-4B17-A009-09FE5C8E9107}.Debug|ARM.Deploy.0 = Debug|Any CPU
		{A4189F4A-482E-4B17-A009-09FE5C8E9107}.Debug|iPhone.ActiveCfg = Debug|Any CPU
		{A4189F4A-482E-4B17-A009-09FE5C8E9107}.Debug|iPhone.Build.0 = Debug|Any CPU
		{A4189F4A-482E-4B17-A009-09FE5C8E9107}.Debug|iPhone.Deploy.0 = Debug|Any CPU
		{A4189F4A-482E-4B17-A009-09FE5C8E9107}.Debug|iPhoneSimulator.ActiveCfg = Debug|Any CPU
		{A4189F4A-482E-4B17-A009-09FE5C8E9107}.Debug|iPhoneSimulator.Build.0 = Debug|Any CPU
		{A4189F4A-482E-4B17-A009-09FE5C8E9107}.Debug|iPhoneSimulator.Deploy.0 = Debug|Any CPU
		{A4189F4A-482E-4B17-A009-09FE5C8E9107}.Debug|x64.ActiveCfg = Debug|Any CPU
		{A4189F4A-482E-4B17-A009-09FE5C8E9107}.Debug|x64.Build.0 = Debug|Any CPU
		{A4189F4A-482E-4B17-A009-09FE5C8E9107}.Debug|x64.Deploy.0 = Debug|Any CPU
		{A4189F4A-482E-4B17-A009-09FE5C8E9107}.Debug|x86.ActiveCfg = Debug|Any CPU
		{A4189F4A-482E-4B17-A009-09FE5C8E9107}.Debug|x86.Build.0 = Debug|Any CPU
		{A4189F4A-482E-4B17-A009-09FE5C8E9107}.Debug|x86.Deploy.0 = Debug|Any CPU
		{A4189F4A-482E-4B17-A009-09FE5C8E9107}.Release|Any CPU.ActiveCfg = Release|Any CPU
		{A4189F4A-482E-4B17-A009-09FE5C8E9107}.Release|Any CPU.Build.0 = Release|Any CPU
		{A4189F4A-482E-4B17-A009-09FE5C8E9107}.Release|Any CPU.Deploy.0 = Release|Any CPU
		{A4189F4A-482E-4B17-A009-09FE5C8E9107}.Release|ARM.ActiveCfg = Release|Any CPU
		{A4189F4A-482E-4B17-A009-09FE5C8E9107}.Release|ARM.Build.0 = Release|Any CPU
		{A4189F4A-482E-4B17-A009-09FE5C8E9107}.Release|ARM.Deploy.0 = Release|Any CPU
		{A4189F4A-482E-4B17-A009-09FE5C8E9107}.Release|iPhone.ActiveCfg = Release|Any CPU
		{A4189F4A-482E-4B17-A009-09FE5C8E9107}.Release|iPhone.Build.0 = Release|Any CPU
		{A4189F4A-482E-4B17-A009-09FE5C8E9107}.Release|iPhone.Deploy.0 = Release|Any CPU
		{A4189F4A-482E-4B17-A009-09FE5C8E9107}.Release|iPhoneSimulator.ActiveCfg = Release|Any CPU
		{A4189F4A-482E-4B17-A009-09FE5C8E9107}.Release|iPhoneSimulator.Build.0 = Release|Any CPU
		{A4189F4A-482E-4B17-A009-09FE5C8E9107}.Release|iPhoneSimulator.Deploy.0 = Release|Any CPU
		{A4189F4A-482E-4B17-A009-09FE5C8E9107}.Release|x64.ActiveCfg = Release|Any CPU
		{A4189F4A-482E-4B17-A009-09FE5C8E9107}.Release|x64.Build.0 = Release|Any CPU
		{A4189F4A-482E-4B17-A009-09FE5C8E9107}.Release|x64.Deploy.0 = Release|Any CPU
		{A4189F4A-482E-4B17-A009-09FE5C8E9107}.Release|x86.ActiveCfg = Release|Any CPU
		{A4189F4A-482E-4B17-A009-09FE5C8E9107}.Release|x86.Build.0 = Release|Any CPU
		{A4189F4A-482E-4B17-A009-09FE5C8E9107}.Release|x86.Deploy.0 = Release|Any CPU
		{06C603F6-35C3-4520-9A20-2A05EF32582A}.Ad-Hoc|Any CPU.ActiveCfg = Ad-Hoc|iPhone
		{06C603F6-35C3-4520-9A20-2A05EF32582A}.Ad-Hoc|ARM.ActiveCfg = Ad-Hoc|iPhone
		{06C603F6-35C3-4520-9A20-2A05EF32582A}.Ad-Hoc|iPhone.ActiveCfg = Ad-Hoc|iPhone
		{06C603F6-35C3-4520-9A20-2A05EF32582A}.Ad-Hoc|iPhone.Build.0 = Ad-Hoc|iPhone
		{06C603F6-35C3-4520-9A20-2A05EF32582A}.Ad-Hoc|iPhoneSimulator.ActiveCfg = Ad-Hoc|iPhoneSimulator
		{06C603F6-35C3-4520-9A20-2A05EF32582A}.Ad-Hoc|iPhoneSimulator.Build.0 = Ad-Hoc|iPhoneSimulator
		{06C603F6-35C3-4520-9A20-2A05EF32582A}.Ad-Hoc|x64.ActiveCfg = Ad-Hoc|iPhone
		{06C603F6-35C3-4520-9A20-2A05EF32582A}.Ad-Hoc|x86.ActiveCfg = Ad-Hoc|iPhone
		{06C603F6-35C3-4520-9A20-2A05EF32582A}.AppStore|Any CPU.ActiveCfg = AppStore|iPhone
		{06C603F6-35C3-4520-9A20-2A05EF32582A}.AppStore|ARM.ActiveCfg = AppStore|iPhone
		{06C603F6-35C3-4520-9A20-2A05EF32582A}.AppStore|iPhone.ActiveCfg = AppStore|iPhone
		{06C603F6-35C3-4520-9A20-2A05EF32582A}.AppStore|iPhone.Build.0 = AppStore|iPhone
		{06C603F6-35C3-4520-9A20-2A05EF32582A}.AppStore|iPhoneSimulator.ActiveCfg = AppStore|iPhoneSimulator
		{06C603F6-35C3-4520-9A20-2A05EF32582A}.AppStore|iPhoneSimulator.Build.0 = AppStore|iPhoneSimulator
		{06C603F6-35C3-4520-9A20-2A05EF32582A}.AppStore|x64.ActiveCfg = AppStore|iPhone
		{06C603F6-35C3-4520-9A20-2A05EF32582A}.AppStore|x86.ActiveCfg = AppStore|iPhone
		{06C603F6-35C3-4520-9A20-2A05EF32582A}.Debug|Any CPU.ActiveCfg = Debug|iPhone
		{06C603F6-35C3-4520-9A20-2A05EF32582A}.Debug|ARM.ActiveCfg = Debug|iPhone
		{06C603F6-35C3-4520-9A20-2A05EF32582A}.Debug|iPhone.ActiveCfg = Debug|iPhone
		{06C603F6-35C3-4520-9A20-2A05EF32582A}.Debug|iPhone.Build.0 = Debug|iPhone
		{06C603F6-35C3-4520-9A20-2A05EF32582A}.Debug|iPhoneSimulator.ActiveCfg = Debug|iPhoneSimulator
		{06C603F6-35C3-4520-9A20-2A05EF32582A}.Debug|iPhoneSimulator.Build.0 = Debug|iPhoneSimulator
		{06C603F6-35C3-4520-9A20-2A05EF32582A}.Debug|x64.ActiveCfg = Debug|iPhone
		{06C603F6-35C3-4520-9A20-2A05EF32582A}.Debug|x86.ActiveCfg = Debug|iPhone
		{06C603F6-35C3-4520-9A20-2A05EF32582A}.Release|Any CPU.ActiveCfg = Release|iPhone
		{06C603F6-35C3-4520-9A20-2A05EF32582A}.Release|ARM.ActiveCfg = Release|iPhone
		{06C603F6-35C3-4520-9A20-2A05EF32582A}.Release|iPhone.ActiveCfg = Release|iPhone
		{06C603F6-35C3-4520-9A20-2A05EF32582A}.Release|iPhone.Build.0 = Release|iPhone
		{06C603F6-35C3-4520-9A20-2A05EF32582A}.Release|iPhoneSimulator.ActiveCfg = Release|iPhoneSimulator
		{06C603F6-35C3-4520-9A20-2A05EF32582A}.Release|iPhoneSimulator.Build.0 = Release|iPhoneSimulator
		{06C603F6-35C3-4520-9A20-2A05EF32582A}.Release|x64.ActiveCfg = Release|iPhone
		{06C603F6-35C3-4520-9A20-2A05EF32582A}.Release|x86.ActiveCfg = Release|iPhone
		{03106545-F08B-416C-98DB-3BF1BD2D924B}.Ad-Hoc|Any CPU.ActiveCfg = Release|Any CPU
		{03106545-F08B-416C-98DB-3BF1BD2D924B}.Ad-Hoc|Any CPU.Build.0 = Release|Any CPU
		{03106545-F08B-416C-98DB-3BF1BD2D924B}.Ad-Hoc|ARM.ActiveCfg = Release|Any CPU
		{03106545-F08B-416C-98DB-3BF1BD2D924B}.Ad-Hoc|ARM.Build.0 = Release|Any CPU
		{03106545-F08B-416C-98DB-3BF1BD2D924B}.Ad-Hoc|iPhone.ActiveCfg = Release|Any CPU
		{03106545-F08B-416C-98DB-3BF1BD2D924B}.Ad-Hoc|iPhone.Build.0 = Release|Any CPU
		{03106545-F08B-416C-98DB-3BF1BD2D924B}.Ad-Hoc|iPhoneSimulator.ActiveCfg = Release|Any CPU
		{03106545-F08B-416C-98DB-3BF1BD2D924B}.Ad-Hoc|iPhoneSimulator.Build.0 = Release|Any CPU
		{03106545-F08B-416C-98DB-3BF1BD2D924B}.Ad-Hoc|x64.ActiveCfg = Release|Any CPU
		{03106545-F08B-416C-98DB-3BF1BD2D924B}.Ad-Hoc|x64.Build.0 = Release|Any CPU
		{03106545-F08B-416C-98DB-3BF1BD2D924B}.Ad-Hoc|x86.ActiveCfg = Release|Any CPU
		{03106545-F08B-416C-98DB-3BF1BD2D924B}.Ad-Hoc|x86.Build.0 = Release|Any CPU
		{03106545-F08B-416C-98DB-3BF1BD2D924B}.AppStore|Any CPU.ActiveCfg = Release|Any CPU
		{03106545-F08B-416C-98DB-3BF1BD2D924B}.AppStore|Any CPU.Build.0 = Release|Any CPU
		{03106545-F08B-416C-98DB-3BF1BD2D924B}.AppStore|ARM.ActiveCfg = Release|Any CPU
		{03106545-F08B-416C-98DB-3BF1BD2D924B}.AppStore|ARM.Build.0 = Release|Any CPU
		{03106545-F08B-416C-98DB-3BF1BD2D924B}.AppStore|iPhone.ActiveCfg = Release|Any CPU
		{03106545-F08B-416C-98DB-3BF1BD2D924B}.AppStore|iPhone.Build.0 = Release|Any CPU
		{03106545-F08B-416C-98DB-3BF1BD2D924B}.AppStore|iPhoneSimulator.ActiveCfg = Release|Any CPU
		{03106545-F08B-416C-98DB-3BF1BD2D924B}.AppStore|iPhoneSimulator.Build.0 = Release|Any CPU
		{03106545-F08B-416C-98DB-3BF1BD2D924B}.AppStore|x64.ActiveCfg = Release|Any CPU
		{03106545-F08B-416C-98DB-3BF1BD2D924B}.AppStore|x64.Build.0 = Release|Any CPU
		{03106545-F08B-416C-98DB-3BF1BD2D924B}.AppStore|x86.ActiveCfg = Release|Any CPU
		{03106545-F08B-416C-98DB-3BF1BD2D924B}.AppStore|x86.Build.0 = Release|Any CPU
		{03106545-F08B-416C-98DB-3BF1BD2D924B}.Debug|Any CPU.ActiveCfg = Debug|Any CPU
		{03106545-F08B-416C-98DB-3BF1BD2D924B}.Debug|Any CPU.Build.0 = Debug|Any CPU
		{03106545-F08B-416C-98DB-3BF1BD2D924B}.Debug|ARM.ActiveCfg = Debug|Any CPU
		{03106545-F08B-416C-98DB-3BF1BD2D924B}.Debug|ARM.Build.0 = Debug|Any CPU
		{03106545-F08B-416C-98DB-3BF1BD2D924B}.Debug|iPhone.ActiveCfg = Debug|Any CPU
		{03106545-F08B-416C-98DB-3BF1BD2D924B}.Debug|iPhone.Build.0 = Debug|Any CPU
		{03106545-F08B-416C-98DB-3BF1BD2D924B}.Debug|iPhoneSimulator.ActiveCfg = Debug|Any CPU
		{03106545-F08B-416C-98DB-3BF1BD2D924B}.Debug|iPhoneSimulator.Build.0 = Debug|Any CPU
		{03106545-F08B-416C-98DB-3BF1BD2D924B}.Debug|x64.ActiveCfg = Debug|Any CPU
		{03106545-F08B-416C-98DB-3BF1BD2D924B}.Debug|x64.Build.0 = Debug|Any CPU
		{03106545-F08B-416C-98DB-3BF1BD2D924B}.Debug|x86.ActiveCfg = Debug|Any CPU
		{03106545-F08B-416C-98DB-3BF1BD2D924B}.Debug|x86.Build.0 = Debug|Any CPU
		{03106545-F08B-416C-98DB-3BF1BD2D924B}.Release|Any CPU.ActiveCfg = Release|Any CPU
		{03106545-F08B-416C-98DB-3BF1BD2D924B}.Release|Any CPU.Build.0 = Release|Any CPU
		{03106545-F08B-416C-98DB-3BF1BD2D924B}.Release|ARM.ActiveCfg = Release|Any CPU
		{03106545-F08B-416C-98DB-3BF1BD2D924B}.Release|ARM.Build.0 = Release|Any CPU
		{03106545-F08B-416C-98DB-3BF1BD2D924B}.Release|iPhone.ActiveCfg = Release|Any CPU
		{03106545-F08B-416C-98DB-3BF1BD2D924B}.Release|iPhone.Build.0 = Release|Any CPU
		{03106545-F08B-416C-98DB-3BF1BD2D924B}.Release|iPhoneSimulator.ActiveCfg = Release|Any CPU
		{03106545-F08B-416C-98DB-3BF1BD2D924B}.Release|iPhoneSimulator.Build.0 = Release|Any CPU
		{03106545-F08B-416C-98DB-3BF1BD2D924B}.Release|x64.ActiveCfg = Release|Any CPU
		{03106545-F08B-416C-98DB-3BF1BD2D924B}.Release|x64.Build.0 = Release|Any CPU
		{03106545-F08B-416C-98DB-3BF1BD2D924B}.Release|x86.ActiveCfg = Release|Any CPU
		{03106545-F08B-416C-98DB-3BF1BD2D924B}.Release|x86.Build.0 = Release|Any CPU
		{A0CA97B5-AB84-4124-8012-3738E7B2CBBB}.Ad-Hoc|Any CPU.ActiveCfg = Debug|Any CPU
		{A0CA97B5-AB84-4124-8012-3738E7B2CBBB}.Ad-Hoc|Any CPU.Build.0 = Debug|Any CPU
		{A0CA97B5-AB84-4124-8012-3738E7B2CBBB}.Ad-Hoc|ARM.ActiveCfg = Debug|Any CPU
		{A0CA97B5-AB84-4124-8012-3738E7B2CBBB}.Ad-Hoc|ARM.Build.0 = Debug|Any CPU
		{A0CA97B5-AB84-4124-8012-3738E7B2CBBB}.Ad-Hoc|iPhone.ActiveCfg = Debug|Any CPU
		{A0CA97B5-AB84-4124-8012-3738E7B2CBBB}.Ad-Hoc|iPhone.Build.0 = Debug|Any CPU
		{A0CA97B5-AB84-4124-8012-3738E7B2CBBB}.Ad-Hoc|iPhoneSimulator.ActiveCfg = Debug|Any CPU
		{A0CA97B5-AB84-4124-8012-3738E7B2CBBB}.Ad-Hoc|iPhoneSimulator.Build.0 = Debug|Any CPU
		{A0CA97B5-AB84-4124-8012-3738E7B2CBBB}.Ad-Hoc|x64.ActiveCfg = Debug|Any CPU
		{A0CA97B5-AB84-4124-8012-3738E7B2CBBB}.Ad-Hoc|x64.Build.0 = Debug|Any CPU
		{A0CA97B5-AB84-4124-8012-3738E7B2CBBB}.Ad-Hoc|x86.ActiveCfg = Debug|Any CPU
		{A0CA97B5-AB84-4124-8012-3738E7B2CBBB}.Ad-Hoc|x86.Build.0 = Debug|Any CPU
		{A0CA97B5-AB84-4124-8012-3738E7B2CBBB}.AppStore|Any CPU.ActiveCfg = Debug|Any CPU
		{A0CA97B5-AB84-4124-8012-3738E7B2CBBB}.AppStore|Any CPU.Build.0 = Debug|Any CPU
		{A0CA97B5-AB84-4124-8012-3738E7B2CBBB}.AppStore|ARM.ActiveCfg = Debug|Any CPU
		{A0CA97B5-AB84-4124-8012-3738E7B2CBBB}.AppStore|ARM.Build.0 = Debug|Any CPU
		{A0CA97B5-AB84-4124-8012-3738E7B2CBBB}.AppStore|iPhone.ActiveCfg = Debug|Any CPU
		{A0CA97B5-AB84-4124-8012-3738E7B2CBBB}.AppStore|iPhone.Build.0 = Debug|Any CPU
		{A0CA97B5-AB84-4124-8012-3738E7B2CBBB}.AppStore|iPhoneSimulator.ActiveCfg = Debug|Any CPU
		{A0CA97B5-AB84-4124-8012-3738E7B2CBBB}.AppStore|iPhoneSimulator.Build.0 = Debug|Any CPU
		{A0CA97B5-AB84-4124-8012-3738E7B2CBBB}.AppStore|x64.ActiveCfg = Debug|Any CPU
		{A0CA97B5-AB84-4124-8012-3738E7B2CBBB}.AppStore|x64.Build.0 = Debug|Any CPU
		{A0CA97B5-AB84-4124-8012-3738E7B2CBBB}.AppStore|x86.ActiveCfg = Debug|Any CPU
		{A0CA97B5-AB84-4124-8012-3738E7B2CBBB}.AppStore|x86.Build.0 = Debug|Any CPU
		{A0CA97B5-AB84-4124-8012-3738E7B2CBBB}.Debug|Any CPU.ActiveCfg = Debug|Any CPU
		{A0CA97B5-AB84-4124-8012-3738E7B2CBBB}.Debug|Any CPU.Build.0 = Debug|Any CPU
		{A0CA97B5-AB84-4124-8012-3738E7B2CBBB}.Debug|ARM.ActiveCfg = Debug|Any CPU
		{A0CA97B5-AB84-4124-8012-3738E7B2CBBB}.Debug|ARM.Build.0 = Debug|Any CPU
		{A0CA97B5-AB84-4124-8012-3738E7B2CBBB}.Debug|iPhone.ActiveCfg = Debug|Any CPU
		{A0CA97B5-AB84-4124-8012-3738E7B2CBBB}.Debug|iPhone.Build.0 = Debug|Any CPU
		{A0CA97B5-AB84-4124-8012-3738E7B2CBBB}.Debug|iPhoneSimulator.ActiveCfg = Debug|Any CPU
		{A0CA97B5-AB84-4124-8012-3738E7B2CBBB}.Debug|iPhoneSimulator.Build.0 = Debug|Any CPU
		{A0CA97B5-AB84-4124-8012-3738E7B2CBBB}.Debug|x64.ActiveCfg = Debug|Any CPU
		{A0CA97B5-AB84-4124-8012-3738E7B2CBBB}.Debug|x64.Build.0 = Debug|Any CPU
		{A0CA97B5-AB84-4124-8012-3738E7B2CBBB}.Debug|x86.ActiveCfg = Debug|Any CPU
		{A0CA97B5-AB84-4124-8012-3738E7B2CBBB}.Debug|x86.Build.0 = Debug|Any CPU
		{A0CA97B5-AB84-4124-8012-3738E7B2CBBB}.Release|Any CPU.ActiveCfg = Release|Any CPU
		{A0CA97B5-AB84-4124-8012-3738E7B2CBBB}.Release|Any CPU.Build.0 = Release|Any CPU
		{A0CA97B5-AB84-4124-8012-3738E7B2CBBB}.Release|ARM.ActiveCfg = Release|Any CPU
		{A0CA97B5-AB84-4124-8012-3738E7B2CBBB}.Release|ARM.Build.0 = Release|Any CPU
		{A0CA97B5-AB84-4124-8012-3738E7B2CBBB}.Release|iPhone.ActiveCfg = Release|Any CPU
		{A0CA97B5-AB84-4124-8012-3738E7B2CBBB}.Release|iPhone.Build.0 = Release|Any CPU
		{A0CA97B5-AB84-4124-8012-3738E7B2CBBB}.Release|iPhoneSimulator.ActiveCfg = Release|Any CPU
		{A0CA97B5-AB84-4124-8012-3738E7B2CBBB}.Release|iPhoneSimulator.Build.0 = Release|Any CPU
		{A0CA97B5-AB84-4124-8012-3738E7B2CBBB}.Release|x64.ActiveCfg = Release|Any CPU
		{A0CA97B5-AB84-4124-8012-3738E7B2CBBB}.Release|x64.Build.0 = Release|Any CPU
		{A0CA97B5-AB84-4124-8012-3738E7B2CBBB}.Release|x86.ActiveCfg = Release|Any CPU
		{A0CA97B5-AB84-4124-8012-3738E7B2CBBB}.Release|x86.Build.0 = Release|Any CPU
		{08E1AB0F-F76F-4815-974A-0899B7AA5498}.Ad-Hoc|Any CPU.ActiveCfg = Debug|Any CPU
		{08E1AB0F-F76F-4815-974A-0899B7AA5498}.Ad-Hoc|Any CPU.Build.0 = Debug|Any CPU
		{08E1AB0F-F76F-4815-974A-0899B7AA5498}.Ad-Hoc|ARM.ActiveCfg = Debug|Any CPU
		{08E1AB0F-F76F-4815-974A-0899B7AA5498}.Ad-Hoc|ARM.Build.0 = Debug|Any CPU
		{08E1AB0F-F76F-4815-974A-0899B7AA5498}.Ad-Hoc|iPhone.ActiveCfg = Debug|Any CPU
		{08E1AB0F-F76F-4815-974A-0899B7AA5498}.Ad-Hoc|iPhone.Build.0 = Debug|Any CPU
		{08E1AB0F-F76F-4815-974A-0899B7AA5498}.Ad-Hoc|iPhoneSimulator.ActiveCfg = Debug|Any CPU
		{08E1AB0F-F76F-4815-974A-0899B7AA5498}.Ad-Hoc|iPhoneSimulator.Build.0 = Debug|Any CPU
		{08E1AB0F-F76F-4815-974A-0899B7AA5498}.Ad-Hoc|x64.ActiveCfg = Debug|Any CPU
		{08E1AB0F-F76F-4815-974A-0899B7AA5498}.Ad-Hoc|x64.Build.0 = Debug|Any CPU
		{08E1AB0F-F76F-4815-974A-0899B7AA5498}.Ad-Hoc|x86.ActiveCfg = Debug|Any CPU
		{08E1AB0F-F76F-4815-974A-0899B7AA5498}.Ad-Hoc|x86.Build.0 = Debug|Any CPU
		{08E1AB0F-F76F-4815-974A-0899B7AA5498}.AppStore|Any CPU.ActiveCfg = Debug|Any CPU
		{08E1AB0F-F76F-4815-974A-0899B7AA5498}.AppStore|Any CPU.Build.0 = Debug|Any CPU
		{08E1AB0F-F76F-4815-974A-0899B7AA5498}.AppStore|ARM.ActiveCfg = Debug|Any CPU
		{08E1AB0F-F76F-4815-974A-0899B7AA5498}.AppStore|ARM.Build.0 = Debug|Any CPU
		{08E1AB0F-F76F-4815-974A-0899B7AA5498}.AppStore|iPhone.ActiveCfg = Debug|Any CPU
		{08E1AB0F-F76F-4815-974A-0899B7AA5498}.AppStore|iPhone.Build.0 = Debug|Any CPU
		{08E1AB0F-F76F-4815-974A-0899B7AA5498}.AppStore|iPhoneSimulator.ActiveCfg = Debug|Any CPU
		{08E1AB0F-F76F-4815-974A-0899B7AA5498}.AppStore|iPhoneSimulator.Build.0 = Debug|Any CPU
		{08E1AB0F-F76F-4815-974A-0899B7AA5498}.AppStore|x64.ActiveCfg = Debug|Any CPU
		{08E1AB0F-F76F-4815-974A-0899B7AA5498}.AppStore|x64.Build.0 = Debug|Any CPU
		{08E1AB0F-F76F-4815-974A-0899B7AA5498}.AppStore|x86.ActiveCfg = Debug|Any CPU
		{08E1AB0F-F76F-4815-974A-0899B7AA5498}.AppStore|x86.Build.0 = Debug|Any CPU
		{08E1AB0F-F76F-4815-974A-0899B7AA5498}.Debug|Any CPU.ActiveCfg = Debug|Any CPU
		{08E1AB0F-F76F-4815-974A-0899B7AA5498}.Debug|Any CPU.Build.0 = Debug|Any CPU
		{08E1AB0F-F76F-4815-974A-0899B7AA5498}.Debug|ARM.ActiveCfg = Debug|Any CPU
		{08E1AB0F-F76F-4815-974A-0899B7AA5498}.Debug|ARM.Build.0 = Debug|Any CPU
		{08E1AB0F-F76F-4815-974A-0899B7AA5498}.Debug|iPhone.ActiveCfg = Debug|Any CPU
		{08E1AB0F-F76F-4815-974A-0899B7AA5498}.Debug|iPhone.Build.0 = Debug|Any CPU
		{08E1AB0F-F76F-4815-974A-0899B7AA5498}.Debug|iPhoneSimulator.ActiveCfg = Debug|Any CPU
		{08E1AB0F-F76F-4815-974A-0899B7AA5498}.Debug|iPhoneSimulator.Build.0 = Debug|Any CPU
		{08E1AB0F-F76F-4815-974A-0899B7AA5498}.Debug|x64.ActiveCfg = Debug|Any CPU
		{08E1AB0F-F76F-4815-974A-0899B7AA5498}.Debug|x64.Build.0 = Debug|Any CPU
		{08E1AB0F-F76F-4815-974A-0899B7AA5498}.Debug|x86.ActiveCfg = Debug|Any CPU
		{08E1AB0F-F76F-4815-974A-0899B7AA5498}.Debug|x86.Build.0 = Debug|Any CPU
		{08E1AB0F-F76F-4815-974A-0899B7AA5498}.Release|Any CPU.ActiveCfg = Release|Any CPU
		{08E1AB0F-F76F-4815-974A-0899B7AA5498}.Release|Any CPU.Build.0 = Release|Any CPU
		{08E1AB0F-F76F-4815-974A-0899B7AA5498}.Release|ARM.ActiveCfg = Release|Any CPU
		{08E1AB0F-F76F-4815-974A-0899B7AA5498}.Release|ARM.Build.0 = Release|Any CPU
		{08E1AB0F-F76F-4815-974A-0899B7AA5498}.Release|iPhone.ActiveCfg = Release|Any CPU
		{08E1AB0F-F76F-4815-974A-0899B7AA5498}.Release|iPhone.Build.0 = Release|Any CPU
		{08E1AB0F-F76F-4815-974A-0899B7AA5498}.Release|iPhoneSimulator.ActiveCfg = Release|Any CPU
		{08E1AB0F-F76F-4815-974A-0899B7AA5498}.Release|iPhoneSimulator.Build.0 = Release|Any CPU
		{08E1AB0F-F76F-4815-974A-0899B7AA5498}.Release|x64.ActiveCfg = Release|Any CPU
		{08E1AB0F-F76F-4815-974A-0899B7AA5498}.Release|x64.Build.0 = Release|Any CPU
		{08E1AB0F-F76F-4815-974A-0899B7AA5498}.Release|x86.ActiveCfg = Release|Any CPU
		{08E1AB0F-F76F-4815-974A-0899B7AA5498}.Release|x86.Build.0 = Release|Any CPU
		{325CD7FF-1077-4B4B-81B9-4F491AB43D99}.Ad-Hoc|Any CPU.ActiveCfg = Debug|Any CPU
		{325CD7FF-1077-4B4B-81B9-4F491AB43D99}.Ad-Hoc|Any CPU.Build.0 = Debug|Any CPU
		{325CD7FF-1077-4B4B-81B9-4F491AB43D99}.Ad-Hoc|ARM.ActiveCfg = Debug|Any CPU
		{325CD7FF-1077-4B4B-81B9-4F491AB43D99}.Ad-Hoc|ARM.Build.0 = Debug|Any CPU
		{325CD7FF-1077-4B4B-81B9-4F491AB43D99}.Ad-Hoc|iPhone.ActiveCfg = Debug|Any CPU
		{325CD7FF-1077-4B4B-81B9-4F491AB43D99}.Ad-Hoc|iPhone.Build.0 = Debug|Any CPU
		{325CD7FF-1077-4B4B-81B9-4F491AB43D99}.Ad-Hoc|iPhoneSimulator.ActiveCfg = Debug|Any CPU
		{325CD7FF-1077-4B4B-81B9-4F491AB43D99}.Ad-Hoc|iPhoneSimulator.Build.0 = Debug|Any CPU
		{325CD7FF-1077-4B4B-81B9-4F491AB43D99}.Ad-Hoc|x64.ActiveCfg = Debug|Any CPU
		{325CD7FF-1077-4B4B-81B9-4F491AB43D99}.Ad-Hoc|x64.Build.0 = Debug|Any CPU
		{325CD7FF-1077-4B4B-81B9-4F491AB43D99}.Ad-Hoc|x86.ActiveCfg = Debug|Any CPU
		{325CD7FF-1077-4B4B-81B9-4F491AB43D99}.Ad-Hoc|x86.Build.0 = Debug|Any CPU
		{325CD7FF-1077-4B4B-81B9-4F491AB43D99}.AppStore|Any CPU.ActiveCfg = Debug|Any CPU
		{325CD7FF-1077-4B4B-81B9-4F491AB43D99}.AppStore|Any CPU.Build.0 = Debug|Any CPU
		{325CD7FF-1077-4B4B-81B9-4F491AB43D99}.AppStore|ARM.ActiveCfg = Debug|Any CPU
		{325CD7FF-1077-4B4B-81B9-4F491AB43D99}.AppStore|ARM.Build.0 = Debug|Any CPU
		{325CD7FF-1077-4B4B-81B9-4F491AB43D99}.AppStore|iPhone.ActiveCfg = Debug|Any CPU
		{325CD7FF-1077-4B4B-81B9-4F491AB43D99}.AppStore|iPhone.Build.0 = Debug|Any CPU
		{325CD7FF-1077-4B4B-81B9-4F491AB43D99}.AppStore|iPhoneSimulator.ActiveCfg = Debug|Any CPU
		{325CD7FF-1077-4B4B-81B9-4F491AB43D99}.AppStore|iPhoneSimulator.Build.0 = Debug|Any CPU
		{325CD7FF-1077-4B4B-81B9-4F491AB43D99}.AppStore|x64.ActiveCfg = Debug|Any CPU
		{325CD7FF-1077-4B4B-81B9-4F491AB43D99}.AppStore|x64.Build.0 = Debug|Any CPU
		{325CD7FF-1077-4B4B-81B9-4F491AB43D99}.AppStore|x86.ActiveCfg = Debug|Any CPU
		{325CD7FF-1077-4B4B-81B9-4F491AB43D99}.AppStore|x86.Build.0 = Debug|Any CPU
		{325CD7FF-1077-4B4B-81B9-4F491AB43D99}.Debug|Any CPU.ActiveCfg = Debug|Any CPU
		{325CD7FF-1077-4B4B-81B9-4F491AB43D99}.Debug|Any CPU.Build.0 = Debug|Any CPU
		{325CD7FF-1077-4B4B-81B9-4F491AB43D99}.Debug|ARM.ActiveCfg = Debug|Any CPU
		{325CD7FF-1077-4B4B-81B9-4F491AB43D99}.Debug|ARM.Build.0 = Debug|Any CPU
		{325CD7FF-1077-4B4B-81B9-4F491AB43D99}.Debug|iPhone.ActiveCfg = Debug|Any CPU
		{325CD7FF-1077-4B4B-81B9-4F491AB43D99}.Debug|iPhone.Build.0 = Debug|Any CPU
		{325CD7FF-1077-4B4B-81B9-4F491AB43D99}.Debug|iPhoneSimulator.ActiveCfg = Debug|Any CPU
		{325CD7FF-1077-4B4B-81B9-4F491AB43D99}.Debug|iPhoneSimulator.Build.0 = Debug|Any CPU
		{325CD7FF-1077-4B4B-81B9-4F491AB43D99}.Debug|x64.ActiveCfg = Debug|Any CPU
		{325CD7FF-1077-4B4B-81B9-4F491AB43D99}.Debug|x64.Build.0 = Debug|Any CPU
		{325CD7FF-1077-4B4B-81B9-4F491AB43D99}.Debug|x86.ActiveCfg = Debug|Any CPU
		{325CD7FF-1077-4B4B-81B9-4F491AB43D99}.Debug|x86.Build.0 = Debug|Any CPU
		{325CD7FF-1077-4B4B-81B9-4F491AB43D99}.Release|Any CPU.ActiveCfg = Release|Any CPU
		{325CD7FF-1077-4B4B-81B9-4F491AB43D99}.Release|Any CPU.Build.0 = Release|Any CPU
		{325CD7FF-1077-4B4B-81B9-4F491AB43D99}.Release|ARM.ActiveCfg = Release|Any CPU
		{325CD7FF-1077-4B4B-81B9-4F491AB43D99}.Release|ARM.Build.0 = Release|Any CPU
		{325CD7FF-1077-4B4B-81B9-4F491AB43D99}.Release|iPhone.ActiveCfg = Release|Any CPU
		{325CD7FF-1077-4B4B-81B9-4F491AB43D99}.Release|iPhone.Build.0 = Release|Any CPU
		{325CD7FF-1077-4B4B-81B9-4F491AB43D99}.Release|iPhoneSimulator.ActiveCfg = Release|Any CPU
		{325CD7FF-1077-4B4B-81B9-4F491AB43D99}.Release|iPhoneSimulator.Build.0 = Release|Any CPU
		{325CD7FF-1077-4B4B-81B9-4F491AB43D99}.Release|x64.ActiveCfg = Release|Any CPU
		{325CD7FF-1077-4B4B-81B9-4F491AB43D99}.Release|x64.Build.0 = Release|Any CPU
		{325CD7FF-1077-4B4B-81B9-4F491AB43D99}.Release|x86.ActiveCfg = Release|Any CPU
		{325CD7FF-1077-4B4B-81B9-4F491AB43D99}.Release|x86.Build.0 = Release|Any CPU
		{CE99FFE9-63D8-4887-9401-E7ABBB228A1A}.Ad-Hoc|Any CPU.ActiveCfg = Debug|Any CPU
		{CE99FFE9-63D8-4887-9401-E7ABBB228A1A}.Ad-Hoc|Any CPU.Build.0 = Debug|Any CPU
		{CE99FFE9-63D8-4887-9401-E7ABBB228A1A}.Ad-Hoc|ARM.ActiveCfg = Debug|Any CPU
		{CE99FFE9-63D8-4887-9401-E7ABBB228A1A}.Ad-Hoc|ARM.Build.0 = Debug|Any CPU
		{CE99FFE9-63D8-4887-9401-E7ABBB228A1A}.Ad-Hoc|iPhone.ActiveCfg = Debug|Any CPU
		{CE99FFE9-63D8-4887-9401-E7ABBB228A1A}.Ad-Hoc|iPhone.Build.0 = Debug|Any CPU
		{CE99FFE9-63D8-4887-9401-E7ABBB228A1A}.Ad-Hoc|iPhoneSimulator.ActiveCfg = Debug|Any CPU
		{CE99FFE9-63D8-4887-9401-E7ABBB228A1A}.Ad-Hoc|iPhoneSimulator.Build.0 = Debug|Any CPU
		{CE99FFE9-63D8-4887-9401-E7ABBB228A1A}.Ad-Hoc|x64.ActiveCfg = Debug|Any CPU
		{CE99FFE9-63D8-4887-9401-E7ABBB228A1A}.Ad-Hoc|x64.Build.0 = Debug|Any CPU
		{CE99FFE9-63D8-4887-9401-E7ABBB228A1A}.Ad-Hoc|x86.ActiveCfg = Debug|Any CPU
		{CE99FFE9-63D8-4887-9401-E7ABBB228A1A}.Ad-Hoc|x86.Build.0 = Debug|Any CPU
		{CE99FFE9-63D8-4887-9401-E7ABBB228A1A}.AppStore|Any CPU.ActiveCfg = Debug|Any CPU
		{CE99FFE9-63D8-4887-9401-E7ABBB228A1A}.AppStore|Any CPU.Build.0 = Debug|Any CPU
		{CE99FFE9-63D8-4887-9401-E7ABBB228A1A}.AppStore|ARM.ActiveCfg = Debug|Any CPU
		{CE99FFE9-63D8-4887-9401-E7ABBB228A1A}.AppStore|ARM.Build.0 = Debug|Any CPU
		{CE99FFE9-63D8-4887-9401-E7ABBB228A1A}.AppStore|iPhone.ActiveCfg = Debug|Any CPU
		{CE99FFE9-63D8-4887-9401-E7ABBB228A1A}.AppStore|iPhone.Build.0 = Debug|Any CPU
		{CE99FFE9-63D8-4887-9401-E7ABBB228A1A}.AppStore|iPhoneSimulator.ActiveCfg = Debug|Any CPU
		{CE99FFE9-63D8-4887-9401-E7ABBB228A1A}.AppStore|iPhoneSimulator.Build.0 = Debug|Any CPU
		{CE99FFE9-63D8-4887-9401-E7ABBB228A1A}.AppStore|x64.ActiveCfg = Debug|Any CPU
		{CE99FFE9-63D8-4887-9401-E7ABBB228A1A}.AppStore|x64.Build.0 = Debug|Any CPU
		{CE99FFE9-63D8-4887-9401-E7ABBB228A1A}.AppStore|x86.ActiveCfg = Debug|Any CPU
		{CE99FFE9-63D8-4887-9401-E7ABBB228A1A}.AppStore|x86.Build.0 = Debug|Any CPU
		{CE99FFE9-63D8-4887-9401-E7ABBB228A1A}.Debug|Any CPU.ActiveCfg = Debug|Any CPU
		{CE99FFE9-63D8-4887-9401-E7ABBB228A1A}.Debug|Any CPU.Build.0 = Debug|Any CPU
		{CE99FFE9-63D8-4887-9401-E7ABBB228A1A}.Debug|ARM.ActiveCfg = Debug|Any CPU
		{CE99FFE9-63D8-4887-9401-E7ABBB228A1A}.Debug|ARM.Build.0 = Debug|Any CPU
		{CE99FFE9-63D8-4887-9401-E7ABBB228A1A}.Debug|iPhone.ActiveCfg = Debug|Any CPU
		{CE99FFE9-63D8-4887-9401-E7ABBB228A1A}.Debug|iPhone.Build.0 = Debug|Any CPU
		{CE99FFE9-63D8-4887-9401-E7ABBB228A1A}.Debug|iPhoneSimulator.ActiveCfg = Debug|Any CPU
		{CE99FFE9-63D8-4887-9401-E7ABBB228A1A}.Debug|iPhoneSimulator.Build.0 = Debug|Any CPU
		{CE99FFE9-63D8-4887-9401-E7ABBB228A1A}.Debug|x64.ActiveCfg = Debug|Any CPU
		{CE99FFE9-63D8-4887-9401-E7ABBB228A1A}.Debug|x64.Build.0 = Debug|Any CPU
		{CE99FFE9-63D8-4887-9401-E7ABBB228A1A}.Debug|x86.ActiveCfg = Debug|Any CPU
		{CE99FFE9-63D8-4887-9401-E7ABBB228A1A}.Debug|x86.Build.0 = Debug|Any CPU
		{CE99FFE9-63D8-4887-9401-E7ABBB228A1A}.Release|Any CPU.ActiveCfg = Release|Any CPU
		{CE99FFE9-63D8-4887-9401-E7ABBB228A1A}.Release|Any CPU.Build.0 = Release|Any CPU
		{CE99FFE9-63D8-4887-9401-E7ABBB228A1A}.Release|ARM.ActiveCfg = Release|Any CPU
		{CE99FFE9-63D8-4887-9401-E7ABBB228A1A}.Release|ARM.Build.0 = Release|Any CPU
		{CE99FFE9-63D8-4887-9401-E7ABBB228A1A}.Release|iPhone.ActiveCfg = Release|Any CPU
		{CE99FFE9-63D8-4887-9401-E7ABBB228A1A}.Release|iPhone.Build.0 = Release|Any CPU
		{CE99FFE9-63D8-4887-9401-E7ABBB228A1A}.Release|iPhoneSimulator.ActiveCfg = Release|Any CPU
		{CE99FFE9-63D8-4887-9401-E7ABBB228A1A}.Release|iPhoneSimulator.Build.0 = Release|Any CPU
		{CE99FFE9-63D8-4887-9401-E7ABBB228A1A}.Release|x64.ActiveCfg = Release|Any CPU
		{CE99FFE9-63D8-4887-9401-E7ABBB228A1A}.Release|x64.Build.0 = Release|Any CPU
		{CE99FFE9-63D8-4887-9401-E7ABBB228A1A}.Release|x86.ActiveCfg = Release|Any CPU
		{CE99FFE9-63D8-4887-9401-E7ABBB228A1A}.Release|x86.Build.0 = Release|Any CPU
		{2E32178A-E962-4BF5-A899-402A7C827BAA}.Ad-Hoc|Any CPU.ActiveCfg = Debug|Any CPU
		{2E32178A-E962-4BF5-A899-402A7C827BAA}.Ad-Hoc|Any CPU.Build.0 = Debug|Any CPU
		{2E32178A-E962-4BF5-A899-402A7C827BAA}.Ad-Hoc|ARM.ActiveCfg = Debug|Any CPU
		{2E32178A-E962-4BF5-A899-402A7C827BAA}.Ad-Hoc|ARM.Build.0 = Debug|Any CPU
		{2E32178A-E962-4BF5-A899-402A7C827BAA}.Ad-Hoc|iPhone.ActiveCfg = Debug|Any CPU
		{2E32178A-E962-4BF5-A899-402A7C827BAA}.Ad-Hoc|iPhone.Build.0 = Debug|Any CPU
		{2E32178A-E962-4BF5-A899-402A7C827BAA}.Ad-Hoc|iPhoneSimulator.ActiveCfg = Debug|Any CPU
		{2E32178A-E962-4BF5-A899-402A7C827BAA}.Ad-Hoc|iPhoneSimulator.Build.0 = Debug|Any CPU
		{2E32178A-E962-4BF5-A899-402A7C827BAA}.Ad-Hoc|x64.ActiveCfg = Debug|Any CPU
		{2E32178A-E962-4BF5-A899-402A7C827BAA}.Ad-Hoc|x64.Build.0 = Debug|Any CPU
		{2E32178A-E962-4BF5-A899-402A7C827BAA}.Ad-Hoc|x86.ActiveCfg = Debug|Any CPU
		{2E32178A-E962-4BF5-A899-402A7C827BAA}.Ad-Hoc|x86.Build.0 = Debug|Any CPU
		{2E32178A-E962-4BF5-A899-402A7C827BAA}.AppStore|Any CPU.ActiveCfg = Debug|Any CPU
		{2E32178A-E962-4BF5-A899-402A7C827BAA}.AppStore|Any CPU.Build.0 = Debug|Any CPU
		{2E32178A-E962-4BF5-A899-402A7C827BAA}.AppStore|ARM.ActiveCfg = Debug|Any CPU
		{2E32178A-E962-4BF5-A899-402A7C827BAA}.AppStore|ARM.Build.0 = Debug|Any CPU
		{2E32178A-E962-4BF5-A899-402A7C827BAA}.AppStore|iPhone.ActiveCfg = Debug|Any CPU
		{2E32178A-E962-4BF5-A899-402A7C827BAA}.AppStore|iPhone.Build.0 = Debug|Any CPU
		{2E32178A-E962-4BF5-A899-402A7C827BAA}.AppStore|iPhoneSimulator.ActiveCfg = Debug|Any CPU
		{2E32178A-E962-4BF5-A899-402A7C827BAA}.AppStore|iPhoneSimulator.Build.0 = Debug|Any CPU
		{2E32178A-E962-4BF5-A899-402A7C827BAA}.AppStore|x64.ActiveCfg = Debug|Any CPU
		{2E32178A-E962-4BF5-A899-402A7C827BAA}.AppStore|x64.Build.0 = Debug|Any CPU
		{2E32178A-E962-4BF5-A899-402A7C827BAA}.AppStore|x86.ActiveCfg = Debug|Any CPU
		{2E32178A-E962-4BF5-A899-402A7C827BAA}.AppStore|x86.Build.0 = Debug|Any CPU
		{2E32178A-E962-4BF5-A899-402A7C827BAA}.Debug|Any CPU.ActiveCfg = Debug|Any CPU
		{2E32178A-E962-4BF5-A899-402A7C827BAA}.Debug|Any CPU.Build.0 = Debug|Any CPU
		{2E32178A-E962-4BF5-A899-402A7C827BAA}.Debug|ARM.ActiveCfg = Debug|Any CPU
		{2E32178A-E962-4BF5-A899-402A7C827BAA}.Debug|ARM.Build.0 = Debug|Any CPU
		{2E32178A-E962-4BF5-A899-402A7C827BAA}.Debug|iPhone.ActiveCfg = Debug|Any CPU
		{2E32178A-E962-4BF5-A899-402A7C827BAA}.Debug|iPhone.Build.0 = Debug|Any CPU
		{2E32178A-E962-4BF5-A899-402A7C827BAA}.Debug|iPhoneSimulator.ActiveCfg = Debug|Any CPU
		{2E32178A-E962-4BF5-A899-402A7C827BAA}.Debug|iPhoneSimulator.Build.0 = Debug|Any CPU
		{2E32178A-E962-4BF5-A899-402A7C827BAA}.Debug|x64.ActiveCfg = Debug|Any CPU
		{2E32178A-E962-4BF5-A899-402A7C827BAA}.Debug|x64.Build.0 = Debug|Any CPU
		{2E32178A-E962-4BF5-A899-402A7C827BAA}.Debug|x86.ActiveCfg = Debug|Any CPU
		{2E32178A-E962-4BF5-A899-402A7C827BAA}.Debug|x86.Build.0 = Debug|Any CPU
		{2E32178A-E962-4BF5-A899-402A7C827BAA}.Release|Any CPU.ActiveCfg = Release|Any CPU
		{2E32178A-E962-4BF5-A899-402A7C827BAA}.Release|Any CPU.Build.0 = Release|Any CPU
		{2E32178A-E962-4BF5-A899-402A7C827BAA}.Release|ARM.ActiveCfg = Release|Any CPU
		{2E32178A-E962-4BF5-A899-402A7C827BAA}.Release|ARM.Build.0 = Release|Any CPU
		{2E32178A-E962-4BF5-A899-402A7C827BAA}.Release|iPhone.ActiveCfg = Release|Any CPU
		{2E32178A-E962-4BF5-A899-402A7C827BAA}.Release|iPhone.Build.0 = Release|Any CPU
		{2E32178A-E962-4BF5-A899-402A7C827BAA}.Release|iPhoneSimulator.ActiveCfg = Release|Any CPU
		{2E32178A-E962-4BF5-A899-402A7C827BAA}.Release|iPhoneSimulator.Build.0 = Release|Any CPU
		{2E32178A-E962-4BF5-A899-402A7C827BAA}.Release|x64.ActiveCfg = Release|Any CPU
		{2E32178A-E962-4BF5-A899-402A7C827BAA}.Release|x64.Build.0 = Release|Any CPU
		{2E32178A-E962-4BF5-A899-402A7C827BAA}.Release|x86.ActiveCfg = Release|Any CPU
		{2E32178A-E962-4BF5-A899-402A7C827BAA}.Release|x86.Build.0 = Release|Any CPU
		{B943208E-D516-4D07-8487-4601209E64E3}.Ad-Hoc|Any CPU.ActiveCfg = Debug|Any CPU
		{B943208E-D516-4D07-8487-4601209E64E3}.Ad-Hoc|Any CPU.Build.0 = Debug|Any CPU
		{B943208E-D516-4D07-8487-4601209E64E3}.Ad-Hoc|ARM.ActiveCfg = Debug|Any CPU
		{B943208E-D516-4D07-8487-4601209E64E3}.Ad-Hoc|ARM.Build.0 = Debug|Any CPU
		{B943208E-D516-4D07-8487-4601209E64E3}.Ad-Hoc|iPhone.ActiveCfg = Debug|Any CPU
		{B943208E-D516-4D07-8487-4601209E64E3}.Ad-Hoc|iPhone.Build.0 = Debug|Any CPU
		{B943208E-D516-4D07-8487-4601209E64E3}.Ad-Hoc|iPhoneSimulator.ActiveCfg = Debug|Any CPU
		{B943208E-D516-4D07-8487-4601209E64E3}.Ad-Hoc|iPhoneSimulator.Build.0 = Debug|Any CPU
		{B943208E-D516-4D07-8487-4601209E64E3}.Ad-Hoc|x64.ActiveCfg = Debug|Any CPU
		{B943208E-D516-4D07-8487-4601209E64E3}.Ad-Hoc|x64.Build.0 = Debug|Any CPU
		{B943208E-D516-4D07-8487-4601209E64E3}.Ad-Hoc|x86.ActiveCfg = Debug|Any CPU
		{B943208E-D516-4D07-8487-4601209E64E3}.Ad-Hoc|x86.Build.0 = Debug|Any CPU
		{B943208E-D516-4D07-8487-4601209E64E3}.AppStore|Any CPU.ActiveCfg = Debug|Any CPU
		{B943208E-D516-4D07-8487-4601209E64E3}.AppStore|Any CPU.Build.0 = Debug|Any CPU
		{B943208E-D516-4D07-8487-4601209E64E3}.AppStore|ARM.ActiveCfg = Debug|Any CPU
		{B943208E-D516-4D07-8487-4601209E64E3}.AppStore|ARM.Build.0 = Debug|Any CPU
		{B943208E-D516-4D07-8487-4601209E64E3}.AppStore|iPhone.ActiveCfg = Debug|Any CPU
		{B943208E-D516-4D07-8487-4601209E64E3}.AppStore|iPhone.Build.0 = Debug|Any CPU
		{B943208E-D516-4D07-8487-4601209E64E3}.AppStore|iPhoneSimulator.ActiveCfg = Debug|Any CPU
		{B943208E-D516-4D07-8487-4601209E64E3}.AppStore|iPhoneSimulator.Build.0 = Debug|Any CPU
		{B943208E-D516-4D07-8487-4601209E64E3}.AppStore|x64.ActiveCfg = Debug|Any CPU
		{B943208E-D516-4D07-8487-4601209E64E3}.AppStore|x64.Build.0 = Debug|Any CPU
		{B943208E-D516-4D07-8487-4601209E64E3}.AppStore|x86.ActiveCfg = Debug|Any CPU
		{B943208E-D516-4D07-8487-4601209E64E3}.AppStore|x86.Build.0 = Debug|Any CPU
		{B943208E-D516-4D07-8487-4601209E64E3}.Debug|Any CPU.ActiveCfg = Debug|Any CPU
		{B943208E-D516-4D07-8487-4601209E64E3}.Debug|Any CPU.Build.0 = Debug|Any CPU
		{B943208E-D516-4D07-8487-4601209E64E3}.Debug|ARM.ActiveCfg = Debug|Any CPU
		{B943208E-D516-4D07-8487-4601209E64E3}.Debug|ARM.Build.0 = Debug|Any CPU
		{B943208E-D516-4D07-8487-4601209E64E3}.Debug|iPhone.ActiveCfg = Debug|Any CPU
		{B943208E-D516-4D07-8487-4601209E64E3}.Debug|iPhone.Build.0 = Debug|Any CPU
		{B943208E-D516-4D07-8487-4601209E64E3}.Debug|iPhoneSimulator.ActiveCfg = Debug|Any CPU
		{B943208E-D516-4D07-8487-4601209E64E3}.Debug|iPhoneSimulator.Build.0 = Debug|Any CPU
		{B943208E-D516-4D07-8487-4601209E64E3}.Debug|x64.ActiveCfg = Debug|Any CPU
		{B943208E-D516-4D07-8487-4601209E64E3}.Debug|x64.Build.0 = Debug|Any CPU
		{B943208E-D516-4D07-8487-4601209E64E3}.Debug|x86.ActiveCfg = Debug|Any CPU
		{B943208E-D516-4D07-8487-4601209E64E3}.Debug|x86.Build.0 = Debug|Any CPU
		{B943208E-D516-4D07-8487-4601209E64E3}.Release|Any CPU.ActiveCfg = Release|Any CPU
		{B943208E-D516-4D07-8487-4601209E64E3}.Release|Any CPU.Build.0 = Release|Any CPU
		{B943208E-D516-4D07-8487-4601209E64E3}.Release|ARM.ActiveCfg = Release|Any CPU
		{B943208E-D516-4D07-8487-4601209E64E3}.Release|ARM.Build.0 = Release|Any CPU
		{B943208E-D516-4D07-8487-4601209E64E3}.Release|iPhone.ActiveCfg = Release|Any CPU
		{B943208E-D516-4D07-8487-4601209E64E3}.Release|iPhone.Build.0 = Release|Any CPU
		{B943208E-D516-4D07-8487-4601209E64E3}.Release|iPhoneSimulator.ActiveCfg = Release|Any CPU
		{B943208E-D516-4D07-8487-4601209E64E3}.Release|iPhoneSimulator.Build.0 = Release|Any CPU
		{B943208E-D516-4D07-8487-4601209E64E3}.Release|x64.ActiveCfg = Release|Any CPU
		{B943208E-D516-4D07-8487-4601209E64E3}.Release|x64.Build.0 = Release|Any CPU
		{B943208E-D516-4D07-8487-4601209E64E3}.Release|x86.ActiveCfg = Release|Any CPU
		{B943208E-D516-4D07-8487-4601209E64E3}.Release|x86.Build.0 = Release|Any CPU
	EndGlobalSection
	GlobalSection(SolutionProperties) = preSolution
		HideSolutionNode = FALSE
	EndGlobalSection
	GlobalSection(NestedProjects) = preSolution
		{A0CA97B5-AB84-4124-8012-3738E7B2CBBB} = {E68F89FA-AC55-4DA6-B799-A0BB25536A50}
		{08E1AB0F-F76F-4815-974A-0899B7AA5498} = {E68F89FA-AC55-4DA6-B799-A0BB25536A50}
		{325CD7FF-1077-4B4B-81B9-4F491AB43D99} = {E68F89FA-AC55-4DA6-B799-A0BB25536A50}
		{CE99FFE9-63D8-4887-9401-E7ABBB228A1A} = {E68F89FA-AC55-4DA6-B799-A0BB25536A50}
		{2E32178A-E962-4BF5-A899-402A7C827BAA} = {E68F89FA-AC55-4DA6-B799-A0BB25536A50}
	EndGlobalSection
EndGlobal
