Microsoft Visual Studio Solution File, Format Version 12.00
# Visual Studio 15
VisualStudioVersion = 15.0.26430.6
MinimumVisualStudioVersion = 10.0.40219.1
Project("{9A19103F-16F7-4668-BE54-9A1E7A4F7556}") = "Orion.Interfaces", "Orion.Interfaces\Orion.Interfaces.csproj", "{04ACFB94-D7CF-4AB1-B521-A3DB1F902C63}"
EndProject
Project("{9A19103F-16F7-4668-BE54-9A1E7A4F7556}") = "Orion.Shared", "Orion.Shared\Orion.Shared.csproj", "{31647FC1-4A1D-4EE2-B38E-7D514E78ABA7}"
EndProject
Project("{FAE04EC0-301F-11D3-BF4B-00C04F79EFBC}") = "Orion.UWP", "Orion.UWP\Orion.UWP.csproj", "{7BFB0EE8-DE4C-4360-B570-E5136A8172E5}"
EndProject
Project("{2150E333-8FDC-42A3-9474-1A3956D46DE8}") = "SolutionItems", "SolutionItems", "{345A5BD4-9EA0-4B13-9FFE-FC4AFB5449A7}"
	ProjectSection(SolutionItems) = preProject
		..\.gitignore = ..\.gitignore
		..\Emoji.linq = ..\Emoji.linq
		..\LICENSE = ..\LICENSE
		..\README.md = ..\README.md
	EndProjectSection
EndProject
Project("{2150E333-8FDC-42A3-9474-1A3956D46DE8}") = "Services", "Services", "{E68F89FA-AC55-4DA6-B799-A0BB25536A50}"
EndProject
Project("{9A19103F-16F7-4668-BE54-9A1E7A4F7556}") = "Orion.Service.Mastodon", "Orion.Service.Mastodon\Orion.Service.Mastodon.csproj", "{A0CA97B5-AB84-4124-8012-3738E7B2CBBB}"
EndProject
Project("{9A19103F-16F7-4668-BE54-9A1E7A4F7556}") = "Orion.Service.GnuSocial", "Orion.Service.GnuSocial\Orion.Service.GnuSocial.csproj", "{08E1AB0F-F76F-4815-974A-0899B7AA5498}"
EndProject
Project("{9A19103F-16F7-4668-BE54-9A1E7A4F7556}") = "Orion.Service.Shared", "Orion.Service.Shared\Orion.Service.Shared.csproj", "{325CD7FF-1077-4B4B-81B9-4F491AB43D99}"
EndProject
Project("{9A19103F-16F7-4668-BE54-9A1E7A4F7556}") = "Orion.Service.Croudia", "Orion.Service.Croudia\Orion.Service.Croudia.csproj", "{CE99FFE9-63D8-4887-9401-E7ABBB228A1A}"
EndProject
Project("{9A19103F-16F7-4668-BE54-9A1E7A4F7556}") = "Orion.Service.FkStreaming", "Orion.Service.FkStreaming\Orion.Service.FkStreaming.csproj", "{2E32178A-E962-4BF5-A899-402A7C827BAA}"
EndProject
Global
	GlobalSection(SolutionConfigurationPlatforms) = preSolution
		Debug|Any CPU = Debug|Any CPU
		Debug|ARM = Debug|ARM
		Debug|x64 = Debug|x64
		Debug|x86 = Debug|x86
		Release|Any CPU = Release|Any CPU
		Release|ARM = Release|ARM
		Release|x64 = Release|x64
		Release|x86 = Release|x86
	EndGlobalSection
	GlobalSection(ProjectConfigurationPlatforms) = postSolution
		{04ACFB94-D7CF-4AB1-B521-A3DB1F902C63}.Debug|Any CPU.ActiveCfg = Debug|Any CPU
		{04ACFB94-D7CF-4AB1-B521-A3DB1F902C63}.Debug|Any CPU.Build.0 = Debug|Any CPU
		{04ACFB94-D7CF-4AB1-B521-A3DB1F902C63}.Debug|ARM.ActiveCfg = Debug|Any CPU
		{04ACFB94-D7CF-4AB1-B521-A3DB1F902C63}.Debug|ARM.Build.0 = Debug|Any CPU
		{04ACFB94-D7CF-4AB1-B521-A3DB1F902C63}.Debug|x64.ActiveCfg = Debug|Any CPU
		{04ACFB94-D7CF-4AB1-B521-A3DB1F902C63}.Debug|x64.Build.0 = Debug|Any CPU
		{04ACFB94-D7CF-4AB1-B521-A3DB1F902C63}.Debug|x86.ActiveCfg = Debug|Any CPU
		{04ACFB94-D7CF-4AB1-B521-A3DB1F902C63}.Debug|x86.Build.0 = Debug|Any CPU
		{04ACFB94-D7CF-4AB1-B521-A3DB1F902C63}.Release|Any CPU.ActiveCfg = Release|Any CPU
		{04ACFB94-D7CF-4AB1-B521-A3DB1F902C63}.Release|Any CPU.Build.0 = Release|Any CPU
		{04ACFB94-D7CF-4AB1-B521-A3DB1F902C63}.Release|ARM.ActiveCfg = Release|Any CPU
		{04ACFB94-D7CF-4AB1-B521-A3DB1F902C63}.Release|ARM.Build.0 = Release|Any CPU
		{04ACFB94-D7CF-4AB1-B521-A3DB1F902C63}.Release|x64.ActiveCfg = Release|Any CPU
		{04ACFB94-D7CF-4AB1-B521-A3DB1F902C63}.Release|x64.Build.0 = Release|Any CPU
		{04ACFB94-D7CF-4AB1-B521-A3DB1F902C63}.Release|x86.ActiveCfg = Release|Any CPU
		{04ACFB94-D7CF-4AB1-B521-A3DB1F902C63}.Release|x86.Build.0 = Release|Any CPU
		{31647FC1-4A1D-4EE2-B38E-7D514E78ABA7}.Debug|Any CPU.ActiveCfg = Debug|Any CPU
		{31647FC1-4A1D-4EE2-B38E-7D514E78ABA7}.Debug|Any CPU.Build.0 = Debug|Any CPU
		{31647FC1-4A1D-4EE2-B38E-7D514E78ABA7}.Debug|ARM.ActiveCfg = Debug|Any CPU
		{31647FC1-4A1D-4EE2-B38E-7D514E78ABA7}.Debug|ARM.Build.0 = Debug|Any CPU
		{31647FC1-4A1D-4EE2-B38E-7D514E78ABA7}.Debug|x64.ActiveCfg = Debug|Any CPU
		{31647FC1-4A1D-4EE2-B38E-7D514E78ABA7}.Debug|x64.Build.0 = Debug|Any CPU
		{31647FC1-4A1D-4EE2-B38E-7D514E78ABA7}.Debug|x86.ActiveCfg = Debug|Any CPU
		{31647FC1-4A1D-4EE2-B38E-7D514E78ABA7}.Debug|x86.Build.0 = Debug|Any CPU
		{31647FC1-4A1D-4EE2-B38E-7D514E78ABA7}.Release|Any CPU.ActiveCfg = Release|Any CPU
		{31647FC1-4A1D-4EE2-B38E-7D514E78ABA7}.Release|Any CPU.Build.0 = Release|Any CPU
		{31647FC1-4A1D-4EE2-B38E-7D514E78ABA7}.Release|ARM.ActiveCfg = Release|Any CPU
		{31647FC1-4A1D-4EE2-B38E-7D514E78ABA7}.Release|ARM.Build.0 = Release|Any CPU
		{31647FC1-4A1D-4EE2-B38E-7D514E78ABA7}.Release|x64.ActiveCfg = Release|Any CPU
		{31647FC1-4A1D-4EE2-B38E-7D514E78ABA7}.Release|x64.Build.0 = Release|Any CPU
		{31647FC1-4A1D-4EE2-B38E-7D514E78ABA7}.Release|x86.ActiveCfg = Release|Any CPU
		{31647FC1-4A1D-4EE2-B38E-7D514E78ABA7}.Release|x86.Build.0 = Release|Any CPU
		{7BFB0EE8-DE4C-4360-B570-E5136A8172E5}.Debug|Any CPU.ActiveCfg = Debug|x86
		{7BFB0EE8-DE4C-4360-B570-E5136A8172E5}.Debug|ARM.ActiveCfg = Debug|ARM
		{7BFB0EE8-DE4C-4360-B570-E5136A8172E5}.Debug|ARM.Build.0 = Debug|ARM
		{7BFB0EE8-DE4C-4360-B570-E5136A8172E5}.Debug|ARM.Deploy.0 = Debug|ARM
		{7BFB0EE8-DE4C-4360-B570-E5136A8172E5}.Debug|x64.ActiveCfg = Debug|x64
		{7BFB0EE8-DE4C-4360-B570-E5136A8172E5}.Debug|x64.Build.0 = Debug|x64
		{7BFB0EE8-DE4C-4360-B570-E5136A8172E5}.Debug|x64.Deploy.0 = Debug|x64
		{7BFB0EE8-DE4C-4360-B570-E5136A8172E5}.Debug|x86.ActiveCfg = Debug|x86
		{7BFB0EE8-DE4C-4360-B570-E5136A8172E5}.Debug|x86.Build.0 = Debug|x86
		{7BFB0EE8-DE4C-4360-B570-E5136A8172E5}.Debug|x86.Deploy.0 = Debug|x86
		{7BFB0EE8-DE4C-4360-B570-E5136A8172E5}.Release|Any CPU.ActiveCfg = Release|x86
		{7BFB0EE8-DE4C-4360-B570-E5136A8172E5}.Release|ARM.ActiveCfg = Release|ARM
		{7BFB0EE8-DE4C-4360-B570-E5136A8172E5}.Release|ARM.Build.0 = Release|ARM
		{7BFB0EE8-DE4C-4360-B570-E5136A8172E5}.Release|ARM.Deploy.0 = Release|ARM
		{7BFB0EE8-DE4C-4360-B570-E5136A8172E5}.Release|x64.ActiveCfg = Release|x64
		{7BFB0EE8-DE4C-4360-B570-E5136A8172E5}.Release|x64.Build.0 = Release|x64
		{7BFB0EE8-DE4C-4360-B570-E5136A8172E5}.Release|x64.Deploy.0 = Release|x64
		{7BFB0EE8-DE4C-4360-B570-E5136A8172E5}.Release|x86.ActiveCfg = Release|x86
		{7BFB0EE8-DE4C-4360-B570-E5136A8172E5}.Release|x86.Build.0 = Release|x86
		{7BFB0EE8-DE4C-4360-B570-E5136A8172E5}.Release|x86.Deploy.0 = Release|x86
		{A0CA97B5-AB84-4124-8012-3738E7B2CBBB}.Debug|Any CPU.ActiveCfg = Debug|Any CPU
		{A0CA97B5-AB84-4124-8012-3738E7B2CBBB}.Debug|Any CPU.Build.0 = Debug|Any CPU
		{A0CA97B5-AB84-4124-8012-3738E7B2CBBB}.Debug|ARM.ActiveCfg = Debug|Any CPU
		{A0CA97B5-AB84-4124-8012-3738E7B2CBBB}.Debug|ARM.Build.0 = Debug|Any CPU
		{A0CA97B5-AB84-4124-8012-3738E7B2CBBB}.Debug|x64.ActiveCfg = Debug|Any CPU
		{A0CA97B5-AB84-4124-8012-3738E7B2CBBB}.Debug|x64.Build.0 = Debug|Any CPU
		{A0CA97B5-AB84-4124-8012-3738E7B2CBBB}.Debug|x86.ActiveCfg = Debug|Any CPU
		{A0CA97B5-AB84-4124-8012-3738E7B2CBBB}.Debug|x86.Build.0 = Debug|Any CPU
		{A0CA97B5-AB84-4124-8012-3738E7B2CBBB}.Release|Any CPU.ActiveCfg = Release|Any CPU
		{A0CA97B5-AB84-4124-8012-3738E7B2CBBB}.Release|Any CPU.Build.0 = Release|Any CPU
		{A0CA97B5-AB84-4124-8012-3738E7B2CBBB}.Release|ARM.ActiveCfg = Release|Any CPU
		{A0CA97B5-AB84-4124-8012-3738E7B2CBBB}.Release|ARM.Build.0 = Release|Any CPU
		{A0CA97B5-AB84-4124-8012-3738E7B2CBBB}.Release|x64.ActiveCfg = Release|Any CPU
		{A0CA97B5-AB84-4124-8012-3738E7B2CBBB}.Release|x64.Build.0 = Release|Any CPU
		{A0CA97B5-AB84-4124-8012-3738E7B2CBBB}.Release|x86.ActiveCfg = Release|Any CPU
		{A0CA97B5-AB84-4124-8012-3738E7B2CBBB}.Release|x86.Build.0 = Release|Any CPU
		{08E1AB0F-F76F-4815-974A-0899B7AA5498}.Debug|Any CPU.ActiveCfg = Debug|Any CPU
		{08E1AB0F-F76F-4815-974A-0899B7AA5498}.Debug|Any CPU.Build.0 = Debug|Any CPU
		{08E1AB0F-F76F-4815-974A-0899B7AA5498}.Debug|ARM.ActiveCfg = Debug|Any CPU
		{08E1AB0F-F76F-4815-974A-0899B7AA5498}.Debug|ARM.Build.0 = Debug|Any CPU
		{08E1AB0F-F76F-4815-974A-0899B7AA5498}.Debug|x64.ActiveCfg = Debug|Any CPU
		{08E1AB0F-F76F-4815-974A-0899B7AA5498}.Debug|x64.Build.0 = Debug|Any CPU
		{08E1AB0F-F76F-4815-974A-0899B7AA5498}.Debug|x86.ActiveCfg = Debug|Any CPU
		{08E1AB0F-F76F-4815-974A-0899B7AA5498}.Debug|x86.Build.0 = Debug|Any CPU
		{08E1AB0F-F76F-4815-974A-0899B7AA5498}.Release|Any CPU.ActiveCfg = Release|Any CPU
		{08E1AB0F-F76F-4815-974A-0899B7AA5498}.Release|Any CPU.Build.0 = Release|Any CPU
		{08E1AB0F-F76F-4815-974A-0899B7AA5498}.Release|ARM.ActiveCfg = Release|Any CPU
		{08E1AB0F-F76F-4815-974A-0899B7AA5498}.Release|ARM.Build.0 = Release|Any CPU
		{08E1AB0F-F76F-4815-974A-0899B7AA5498}.Release|x64.ActiveCfg = Release|Any CPU
		{08E1AB0F-F76F-4815-974A-0899B7AA5498}.Release|x64.Build.0 = Release|Any CPU
		{08E1AB0F-F76F-4815-974A-0899B7AA5498}.Release|x86.ActiveCfg = Release|Any CPU
		{08E1AB0F-F76F-4815-974A-0899B7AA5498}.Release|x86.Build.0 = Release|Any CPU
		{325CD7FF-1077-4B4B-81B9-4F491AB43D99}.Debug|Any CPU.ActiveCfg = Debug|Any CPU
		{325CD7FF-1077-4B4B-81B9-4F491AB43D99}.Debug|Any CPU.Build.0 = Debug|Any CPU
		{325CD7FF-1077-4B4B-81B9-4F491AB43D99}.Debug|ARM.ActiveCfg = Debug|Any CPU
		{325CD7FF-1077-4B4B-81B9-4F491AB43D99}.Debug|ARM.Build.0 = Debug|Any CPU
		{325CD7FF-1077-4B4B-81B9-4F491AB43D99}.Debug|x64.ActiveCfg = Debug|Any CPU
		{325CD7FF-1077-4B4B-81B9-4F491AB43D99}.Debug|x64.Build.0 = Debug|Any CPU
		{325CD7FF-1077-4B4B-81B9-4F491AB43D99}.Debug|x86.ActiveCfg = Debug|Any CPU
		{325CD7FF-1077-4B4B-81B9-4F491AB43D99}.Debug|x86.Build.0 = Debug|Any CPU
		{325CD7FF-1077-4B4B-81B9-4F491AB43D99}.Release|Any CPU.ActiveCfg = Release|Any CPU
		{325CD7FF-1077-4B4B-81B9-4F491AB43D99}.Release|Any CPU.Build.0 = Release|Any CPU
		{325CD7FF-1077-4B4B-81B9-4F491AB43D99}.Release|ARM.ActiveCfg = Release|Any CPU
		{325CD7FF-1077-4B4B-81B9-4F491AB43D99}.Release|ARM.Build.0 = Release|Any CPU
		{325CD7FF-1077-4B4B-81B9-4F491AB43D99}.Release|x64.ActiveCfg = Release|Any CPU
		{325CD7FF-1077-4B4B-81B9-4F491AB43D99}.Release|x64.Build.0 = Release|Any CPU
		{325CD7FF-1077-4B4B-81B9-4F491AB43D99}.Release|x86.ActiveCfg = Release|Any CPU
		{325CD7FF-1077-4B4B-81B9-4F491AB43D99}.Release|x86.Build.0 = Release|Any CPU
		{CE99FFE9-63D8-4887-9401-E7ABBB228A1A}.Debug|Any CPU.ActiveCfg = Debug|Any CPU
		{CE99FFE9-63D8-4887-9401-E7ABBB228A1A}.Debug|Any CPU.Build.0 = Debug|Any CPU
		{CE99FFE9-63D8-4887-9401-E7ABBB228A1A}.Debug|ARM.ActiveCfg = Debug|Any CPU
		{CE99FFE9-63D8-4887-9401-E7ABBB228A1A}.Debug|ARM.Build.0 = Debug|Any CPU
		{CE99FFE9-63D8-4887-9401-E7ABBB228A1A}.Debug|x64.ActiveCfg = Debug|Any CPU
		{CE99FFE9-63D8-4887-9401-E7ABBB228A1A}.Debug|x64.Build.0 = Debug|Any CPU
		{CE99FFE9-63D8-4887-9401-E7ABBB228A1A}.Debug|x86.ActiveCfg = Debug|Any CPU
		{CE99FFE9-63D8-4887-9401-E7ABBB228A1A}.Debug|x86.Build.0 = Debug|Any CPU
		{CE99FFE9-63D8-4887-9401-E7ABBB228A1A}.Release|Any CPU.ActiveCfg = Release|Any CPU
		{CE99FFE9-63D8-4887-9401-E7ABBB228A1A}.Release|Any CPU.Build.0 = Release|Any CPU
		{CE99FFE9-63D8-4887-9401-E7ABBB228A1A}.Release|ARM.ActiveCfg = Release|Any CPU
		{CE99FFE9-63D8-4887-9401-E7ABBB228A1A}.Release|ARM.Build.0 = Release|Any CPU
		{CE99FFE9-63D8-4887-9401-E7ABBB228A1A}.Release|x64.ActiveCfg = Release|Any CPU
		{CE99FFE9-63D8-4887-9401-E7ABBB228A1A}.Release|x64.Build.0 = Release|Any CPU
		{CE99FFE9-63D8-4887-9401-E7ABBB228A1A}.Release|x86.ActiveCfg = Release|Any CPU
		{CE99FFE9-63D8-4887-9401-E7ABBB228A1A}.Release|x86.Build.0 = Release|Any CPU
		{2E32178A-E962-4BF5-A899-402A7C827BAA}.Debug|Any CPU.ActiveCfg = Debug|Any CPU
		{2E32178A-E962-4BF5-A899-402A7C827BAA}.Debug|Any CPU.Build.0 = Debug|Any CPU
		{2E32178A-E962-4BF5-A899-402A7C827BAA}.Debug|ARM.ActiveCfg = Debug|Any CPU
		{2E32178A-E962-4BF5-A899-402A7C827BAA}.Debug|ARM.Build.0 = Debug|Any CPU
		{2E32178A-E962-4BF5-A899-402A7C827BAA}.Debug|x64.ActiveCfg = Debug|Any CPU
		{2E32178A-E962-4BF5-A899-402A7C827BAA}.Debug|x64.Build.0 = Debug|Any CPU
		{2E32178A-E962-4BF5-A899-402A7C827BAA}.Debug|x86.ActiveCfg = Debug|Any CPU
		{2E32178A-E962-4BF5-A899-402A7C827BAA}.Debug|x86.Build.0 = Debug|Any CPU
		{2E32178A-E962-4BF5-A899-402A7C827BAA}.Release|Any CPU.ActiveCfg = Release|Any CPU
		{2E32178A-E962-4BF5-A899-402A7C827BAA}.Release|Any CPU.Build.0 = Release|Any CPU
		{2E32178A-E962-4BF5-A899-402A7C827BAA}.Release|ARM.ActiveCfg = Release|Any CPU
		{2E32178A-E962-4BF5-A899-402A7C827BAA}.Release|ARM.Build.0 = Release|Any CPU
		{2E32178A-E962-4BF5-A899-402A7C827BAA}.Release|x64.ActiveCfg = Release|Any CPU
		{2E32178A-E962-4BF5-A899-402A7C827BAA}.Release|x64.Build.0 = Release|Any CPU
		{2E32178A-E962-4BF5-A899-402A7C827BAA}.Release|x86.ActiveCfg = Release|Any CPU
		{2E32178A-E962-4BF5-A899-402A7C827BAA}.Release|x86.Build.0 = Release|Any CPU
	EndGlobalSection
	GlobalSection(SolutionProperties) = preSolution
		HideSolutionNode = FALSE
	EndGlobalSection
	GlobalSection(NestedProjects) = preSolution
		{A0CA97B5-AB84-4124-8012-3738E7B2CBBB} = {E68F89FA-AC55-4DA6-B799-A0BB25536A50}
		{08E1AB0F-F76F-4815-974A-0899B7AA5498} = {E68F89FA-AC55-4DA6-B799-A0BB25536A50}
		{325CD7FF-1077-4B4B-81B9-4F491AB43D99} = {E68F89FA-AC55-4DA6-B799-A0BB25536A50}
		{CE99FFE9-63D8-4887-9401-E7ABBB228A1A} = {E68F89FA-AC55-4DA6-B799-A0BB25536A50}
		{2E32178A-E962-4BF5-A899-402A7C827BAA} = {E68F89FA-AC55-4DA6-B799-A0BB25536A50}
	EndGlobalSection
EndGlobal
