
Microsoft Visual Studio Solution File, Format Version 12.00
# Visual Studio 15
VisualStudioVersion = 15.0.26430.12
MinimumVisualStudioVersion = 10.0.40219.1
Project("{FAE04EC0-301F-11D3-BF4B-00C04F79EFBC}") = "Orion.UWP", "Orion.UWP\Orion.UWP.csproj", "{7BFB0EE8-DE4C-4360-B570-E5136A8172E5}"
EndProject
Project("{2150E333-8FDC-42A3-9474-1A3956D46DE8}") = "Services", "Services", "{95304EE5-05AD-4D24-8886-979A404BE858}"
EndProject
Project("{2150E333-8FDC-42A3-9474-1A3956D46DE8}") = "SolutionItems", "SolutionItems", "{200A3F3A-C5CD-4D4D-8447-5331FA6F7FC8}"
	ProjectSection(SolutionItems) = preProject
		..\.gitignore = ..\.gitignore
		..\Emoji.linq = ..\Emoji.linq
		..\LICENSE = ..\LICENSE
		..\README.md = ..\README.md
	EndProjectSection
EndProject
Project("{9A19103F-16F7-4668-BE54-9A1E7A4F7556}") = "Orion.Service.Croudia", "Orion.Service.Croudia\Orion.Service.Croudia.csproj", "{CBCF31C7-2C7D-4D3A-8920-38732D18BD54}"
EndProject
Project("{9A19103F-16F7-4668-BE54-9A1E7A4F7556}") = "Orion.Service.FkStreaming", "Orion.Service.FkStreaming\Orion.Service.FkStreaming.csproj", "{6F32B80B-3DF8-4F60-BD7A-21D7E203D614}"
EndProject
Project("{9A19103F-16F7-4668-BE54-9A1E7A4F7556}") = "Orion.Service.GnuSocial", "Orion.Service.GnuSocial\Orion.Service.GnuSocial.csproj", "{DC8B2787-2A1C-4273-9002-14A8EC7A1E94}"
EndProject
Project("{9A19103F-16F7-4668-BE54-9A1E7A4F7556}") = "Orion.Service.Mastodon", "Orion.Service.Mastodon\Orion.Service.Mastodon.csproj", "{49775FDE-8AC9-43CE-901B-1F2E7399D8F6}"
EndProject
Project("{9A19103F-16F7-4668-BE54-9A1E7A4F7556}") = "Orion.Service.Shared", "Orion.Service.Shared\Orion.Service.Shared.csproj", "{3E4DDFEA-02F0-469E-B09A-2D4480160552}"
EndProject
Project("{9A19103F-16F7-4668-BE54-9A1E7A4F7556}") = "Orion.Interfaces", "Orion.Interfaces\Orion.Interfaces.csproj", "{D0DE1DF0-66E3-4521-B987-CC91B207729D}"
EndProject
Project("{9A19103F-16F7-4668-BE54-9A1E7A4F7556}") = "Orion.Scripting", "Orion.Scripting\Orion.Scripting.csproj", "{1811712F-A06E-49CC-83F0-8E874E959071}"
EndProject
Project("{9A19103F-16F7-4668-BE54-9A1E7A4F7556}") = "Orion.Shared", "Orion.Shared\Orion.Shared.csproj", "{6903BAA1-4050-4917-B014-A8E58663F8B3}"
EndProject
Global
	GlobalSection(SolutionConfigurationPlatforms) = preSolution
		Debug|Any CPU = Debug|Any CPU
		Debug|ARM = Debug|ARM
		Debug|x64 = Debug|x64
		Debug|x86 = Debug|x86
		Release|Any CPU = Release|Any CPU
		Release|ARM = Release|ARM
		Release|x64 = Release|x64
		Release|x86 = Release|x86
	EndGlobalSection
	GlobalSection(ProjectConfigurationPlatforms) = postSolution
		{7BFB0EE8-DE4C-4360-B570-E5136A8172E5}.Debug|Any CPU.ActiveCfg = Debug|x86
		{7BFB0EE8-DE4C-4360-B570-E5136A8172E5}.Debug|ARM.ActiveCfg = Debug|ARM
		{7BFB0EE8-DE4C-4360-B570-E5136A8172E5}.Debug|ARM.Build.0 = Debug|ARM
		{7BFB0EE8-DE4C-4360-B570-E5136A8172E5}.Debug|ARM.Deploy.0 = Debug|ARM
		{7BFB0EE8-DE4C-4360-B570-E5136A8172E5}.Debug|x64.ActiveCfg = Debug|x64
		{7BFB0EE8-DE4C-4360-B570-E5136A8172E5}.Debug|x64.Build.0 = Debug|x64
		{7BFB0EE8-DE4C-4360-B570-E5136A8172E5}.Debug|x64.Deploy.0 = Debug|x64
		{7BFB0EE8-DE4C-4360-B570-E5136A8172E5}.Debug|x86.ActiveCfg = Debug|x86
		{7BFB0EE8-DE4C-4360-B570-E5136A8172E5}.Debug|x86.Build.0 = Debug|x86
		{7BFB0EE8-DE4C-4360-B570-E5136A8172E5}.Debug|x86.Deploy.0 = Debug|x86
		{7BFB0EE8-DE4C-4360-B570-E5136A8172E5}.Release|Any CPU.ActiveCfg = Release|x86
		{7BFB0EE8-DE4C-4360-B570-E5136A8172E5}.Release|ARM.ActiveCfg = Release|ARM
		{7BFB0EE8-DE4C-4360-B570-E5136A8172E5}.Release|ARM.Build.0 = Release|ARM
		{7BFB0EE8-DE4C-4360-B570-E5136A8172E5}.Release|ARM.Deploy.0 = Release|ARM
		{7BFB0EE8-DE4C-4360-B570-E5136A8172E5}.Release|x64.ActiveCfg = Release|x64
		{7BFB0EE8-DE4C-4360-B570-E5136A8172E5}.Release|x64.Build.0 = Release|x64
		{7BFB0EE8-DE4C-4360-B570-E5136A8172E5}.Release|x64.Deploy.0 = Release|x64
		{7BFB0EE8-DE4C-4360-B570-E5136A8172E5}.Release|x86.ActiveCfg = Release|x86
		{7BFB0EE8-DE4C-4360-B570-E5136A8172E5}.Release|x86.Build.0 = Release|x86
		{7BFB0EE8-DE4C-4360-B570-E5136A8172E5}.Release|x86.Deploy.0 = Release|x86
		{CBCF31C7-2C7D-4D3A-8920-38732D18BD54}.Debug|Any CPU.ActiveCfg = Debug|Any CPU
		{CBCF31C7-2C7D-4D3A-8920-38732D18BD54}.Debug|Any CPU.Build.0 = Debug|Any CPU
		{CBCF31C7-2C7D-4D3A-8920-38732D18BD54}.Debug|ARM.ActiveCfg = Debug|Any CPU
		{CBCF31C7-2C7D-4D3A-8920-38732D18BD54}.Debug|ARM.Build.0 = Debug|Any CPU
		{CBCF31C7-2C7D-4D3A-8920-38732D18BD54}.Debug|x64.ActiveCfg = Debug|Any CPU
		{CBCF31C7-2C7D-4D3A-8920-38732D18BD54}.Debug|x64.Build.0 = Debug|Any CPU
		{CBCF31C7-2C7D-4D3A-8920-38732D18BD54}.Debug|x86.ActiveCfg = Debug|Any CPU
		{CBCF31C7-2C7D-4D3A-8920-38732D18BD54}.Debug|x86.Build.0 = Debug|Any CPU
		{CBCF31C7-2C7D-4D3A-8920-38732D18BD54}.Release|Any CPU.ActiveCfg = Release|Any CPU
		{CBCF31C7-2C7D-4D3A-8920-38732D18BD54}.Release|Any CPU.Build.0 = Release|Any CPU
		{CBCF31C7-2C7D-4D3A-8920-38732D18BD54}.Release|ARM.ActiveCfg = Release|Any CPU
		{CBCF31C7-2C7D-4D3A-8920-38732D18BD54}.Release|ARM.Build.0 = Release|Any CPU
		{CBCF31C7-2C7D-4D3A-8920-38732D18BD54}.Release|x64.ActiveCfg = Release|Any CPU
		{CBCF31C7-2C7D-4D3A-8920-38732D18BD54}.Release|x64.Build.0 = Release|Any CPU
		{CBCF31C7-2C7D-4D3A-8920-38732D18BD54}.Release|x86.ActiveCfg = Release|Any CPU
		{CBCF31C7-2C7D-4D3A-8920-38732D18BD54}.Release|x86.Build.0 = Release|Any CPU
		{6F32B80B-3DF8-4F60-BD7A-21D7E203D614}.Debug|Any CPU.ActiveCfg = Debug|Any CPU
		{6F32B80B-3DF8-4F60-BD7A-21D7E203D614}.Debug|Any CPU.Build.0 = Debug|Any CPU
		{6F32B80B-3DF8-4F60-BD7A-21D7E203D614}.Debug|ARM.ActiveCfg = Debug|Any CPU
		{6F32B80B-3DF8-4F60-BD7A-21D7E203D614}.Debug|ARM.Build.0 = Debug|Any CPU
		{6F32B80B-3DF8-4F60-BD7A-21D7E203D614}.Debug|x64.ActiveCfg = Debug|Any CPU
		{6F32B80B-3DF8-4F60-BD7A-21D7E203D614}.Debug|x64.Build.0 = Debug|Any CPU
		{6F32B80B-3DF8-4F60-BD7A-21D7E203D614}.Debug|x86.ActiveCfg = Debug|Any CPU
		{6F32B80B-3DF8-4F60-BD7A-21D7E203D614}.Debug|x86.Build.0 = Debug|Any CPU
		{6F32B80B-3DF8-4F60-BD7A-21D7E203D614}.Release|Any CPU.ActiveCfg = Release|Any CPU
		{6F32B80B-3DF8-4F60-BD7A-21D7E203D614}.Release|Any CPU.Build.0 = Release|Any CPU
		{6F32B80B-3DF8-4F60-BD7A-21D7E203D614}.Release|ARM.ActiveCfg = Release|Any CPU
		{6F32B80B-3DF8-4F60-BD7A-21D7E203D614}.Release|ARM.Build.0 = Release|Any CPU
		{6F32B80B-3DF8-4F60-BD7A-21D7E203D614}.Release|x64.ActiveCfg = Release|Any CPU
		{6F32B80B-3DF8-4F60-BD7A-21D7E203D614}.Release|x64.Build.0 = Release|Any CPU
		{6F32B80B-3DF8-4F60-BD7A-21D7E203D614}.Release|x86.ActiveCfg = Release|Any CPU
		{6F32B80B-3DF8-4F60-BD7A-21D7E203D614}.Release|x86.Build.0 = Release|Any CPU
		{DC8B2787-2A1C-4273-9002-14A8EC7A1E94}.Debug|Any CPU.ActiveCfg = Debug|Any CPU
		{DC8B2787-2A1C-4273-9002-14A8EC7A1E94}.Debug|Any CPU.Build.0 = Debug|Any CPU
		{DC8B2787-2A1C-4273-9002-14A8EC7A1E94}.Debug|ARM.ActiveCfg = Debug|Any CPU
		{DC8B2787-2A1C-4273-9002-14A8EC7A1E94}.Debug|ARM.Build.0 = Debug|Any CPU
		{DC8B2787-2A1C-4273-9002-14A8EC7A1E94}.Debug|x64.ActiveCfg = Debug|Any CPU
		{DC8B2787-2A1C-4273-9002-14A8EC7A1E94}.Debug|x64.Build.0 = Debug|Any CPU
		{DC8B2787-2A1C-4273-9002-14A8EC7A1E94}.Debug|x86.ActiveCfg = Debug|Any CPU
		{DC8B2787-2A1C-4273-9002-14A8EC7A1E94}.Debug|x86.Build.0 = Debug|Any CPU
		{DC8B2787-2A1C-4273-9002-14A8EC7A1E94}.Release|Any CPU.ActiveCfg = Release|Any CPU
		{DC8B2787-2A1C-4273-9002-14A8EC7A1E94}.Release|Any CPU.Build.0 = Release|Any CPU
		{DC8B2787-2A1C-4273-9002-14A8EC7A1E94}.Release|ARM.ActiveCfg = Release|Any CPU
		{DC8B2787-2A1C-4273-9002-14A8EC7A1E94}.Release|ARM.Build.0 = Release|Any CPU
		{DC8B2787-2A1C-4273-9002-14A8EC7A1E94}.Release|x64.ActiveCfg = Release|Any CPU
		{DC8B2787-2A1C-4273-9002-14A8EC7A1E94}.Release|x64.Build.0 = Release|Any CPU
		{DC8B2787-2A1C-4273-9002-14A8EC7A1E94}.Release|x86.ActiveCfg = Release|Any CPU
		{DC8B2787-2A1C-4273-9002-14A8EC7A1E94}.Release|x86.Build.0 = Release|Any CPU
		{49775FDE-8AC9-43CE-901B-1F2E7399D8F6}.Debug|Any CPU.ActiveCfg = Debug|Any CPU
		{49775FDE-8AC9-43CE-901B-1F2E7399D8F6}.Debug|Any CPU.Build.0 = Debug|Any CPU
		{49775FDE-8AC9-43CE-901B-1F2E7399D8F6}.Debug|ARM.ActiveCfg = Debug|Any CPU
		{49775FDE-8AC9-43CE-901B-1F2E7399D8F6}.Debug|ARM.Build.0 = Debug|Any CPU
		{49775FDE-8AC9-43CE-901B-1F2E7399D8F6}.Debug|x64.ActiveCfg = Debug|Any CPU
		{49775FDE-8AC9-43CE-901B-1F2E7399D8F6}.Debug|x64.Build.0 = Debug|Any CPU
		{49775FDE-8AC9-43CE-901B-1F2E7399D8F6}.Debug|x86.ActiveCfg = Debug|Any CPU
		{49775FDE-8AC9-43CE-901B-1F2E7399D8F6}.Debug|x86.Build.0 = Debug|Any CPU
		{49775FDE-8AC9-43CE-901B-1F2E7399D8F6}.Release|Any CPU.ActiveCfg = Release|Any CPU
		{49775FDE-8AC9-43CE-901B-1F2E7399D8F6}.Release|Any CPU.Build.0 = Release|Any CPU
		{49775FDE-8AC9-43CE-901B-1F2E7399D8F6}.Release|ARM.ActiveCfg = Release|Any CPU
		{49775FDE-8AC9-43CE-901B-1F2E7399D8F6}.Release|ARM.Build.0 = Release|Any CPU
		{49775FDE-8AC9-43CE-901B-1F2E7399D8F6}.Release|x64.ActiveCfg = Release|Any CPU
		{49775FDE-8AC9-43CE-901B-1F2E7399D8F6}.Release|x64.Build.0 = Release|Any CPU
		{49775FDE-8AC9-43CE-901B-1F2E7399D8F6}.Release|x86.ActiveCfg = Release|Any CPU
		{49775FDE-8AC9-43CE-901B-1F2E7399D8F6}.Release|x86.Build.0 = Release|Any CPU
		{3E4DDFEA-02F0-469E-B09A-2D4480160552}.Debug|Any CPU.ActiveCfg = Debug|Any CPU
		{3E4DDFEA-02F0-469E-B09A-2D4480160552}.Debug|Any CPU.Build.0 = Debug|Any CPU
		{3E4DDFEA-02F0-469E-B09A-2D4480160552}.Debug|ARM.ActiveCfg = Debug|Any CPU
		{3E4DDFEA-02F0-469E-B09A-2D4480160552}.Debug|ARM.Build.0 = Debug|Any CPU
		{3E4DDFEA-02F0-469E-B09A-2D4480160552}.Debug|x64.ActiveCfg = Debug|Any CPU
		{3E4DDFEA-02F0-469E-B09A-2D4480160552}.Debug|x64.Build.0 = Debug|Any CPU
		{3E4DDFEA-02F0-469E-B09A-2D4480160552}.Debug|x86.ActiveCfg = Debug|Any CPU
		{3E4DDFEA-02F0-469E-B09A-2D4480160552}.Debug|x86.Build.0 = Debug|Any CPU
		{3E4DDFEA-02F0-469E-B09A-2D4480160552}.Release|Any CPU.ActiveCfg = Release|Any CPU
		{3E4DDFEA-02F0-469E-B09A-2D4480160552}.Release|Any CPU.Build.0 = Release|Any CPU
		{3E4DDFEA-02F0-469E-B09A-2D4480160552}.Release|ARM.ActiveCfg = Release|Any CPU
		{3E4DDFEA-02F0-469E-B09A-2D4480160552}.Release|ARM.Build.0 = Release|Any CPU
		{3E4DDFEA-02F0-469E-B09A-2D4480160552}.Release|x64.ActiveCfg = Release|Any CPU
		{3E4DDFEA-02F0-469E-B09A-2D4480160552}.Release|x64.Build.0 = Release|Any CPU
		{3E4DDFEA-02F0-469E-B09A-2D4480160552}.Release|x86.ActiveCfg = Release|Any CPU
		{3E4DDFEA-02F0-469E-B09A-2D4480160552}.Release|x86.Build.0 = Release|Any CPU
		{D0DE1DF0-66E3-4521-B987-CC91B207729D}.Debug|Any CPU.ActiveCfg = Debug|Any CPU
		{D0DE1DF0-66E3-4521-B987-CC91B207729D}.Debug|Any CPU.Build.0 = Debug|Any CPU
		{D0DE1DF0-66E3-4521-B987-CC91B207729D}.Debug|ARM.ActiveCfg = Debug|Any CPU
		{D0DE1DF0-66E3-4521-B987-CC91B207729D}.Debug|ARM.Build.0 = Debug|Any CPU
		{D0DE1DF0-66E3-4521-B987-CC91B207729D}.Debug|x64.ActiveCfg = Debug|Any CPU
		{D0DE1DF0-66E3-4521-B987-CC91B207729D}.Debug|x64.Build.0 = Debug|Any CPU
		{D0DE1DF0-66E3-4521-B987-CC91B207729D}.Debug|x86.ActiveCfg = Debug|Any CPU
		{D0DE1DF0-66E3-4521-B987-CC91B207729D}.Debug|x86.Build.0 = Debug|Any CPU
		{D0DE1DF0-66E3-4521-B987-CC91B207729D}.Release|Any CPU.ActiveCfg = Release|Any CPU
		{D0DE1DF0-66E3-4521-B987-CC91B207729D}.Release|Any CPU.Build.0 = Release|Any CPU
		{D0DE1DF0-66E3-4521-B987-CC91B207729D}.Release|ARM.ActiveCfg = Release|Any CPU
		{D0DE1DF0-66E3-4521-B987-CC91B207729D}.Release|ARM.Build.0 = Release|Any CPU
		{D0DE1DF0-66E3-4521-B987-CC91B207729D}.Release|x64.ActiveCfg = Release|Any CPU
		{D0DE1DF0-66E3-4521-B987-CC91B207729D}.Release|x64.Build.0 = Release|Any CPU
		{D0DE1DF0-66E3-4521-B987-CC91B207729D}.Release|x86.ActiveCfg = Release|Any CPU
		{D0DE1DF0-66E3-4521-B987-CC91B207729D}.Release|x86.Build.0 = Release|Any CPU
		{1811712F-A06E-49CC-83F0-8E874E959071}.Debug|Any CPU.ActiveCfg = Debug|Any CPU
		{1811712F-A06E-49CC-83F0-8E874E959071}.Debug|Any CPU.Build.0 = Debug|Any CPU
		{1811712F-A06E-49CC-83F0-8E874E959071}.Debug|ARM.ActiveCfg = Debug|Any CPU
		{1811712F-A06E-49CC-83F0-8E874E959071}.Debug|ARM.Build.0 = Debug|Any CPU
		{1811712F-A06E-49CC-83F0-8E874E959071}.Debug|x64.ActiveCfg = Debug|Any CPU
		{1811712F-A06E-49CC-83F0-8E874E959071}.Debug|x64.Build.0 = Debug|Any CPU
		{1811712F-A06E-49CC-83F0-8E874E959071}.Debug|x86.ActiveCfg = Debug|Any CPU
		{1811712F-A06E-49CC-83F0-8E874E959071}.Debug|x86.Build.0 = Debug|Any CPU
		{1811712F-A06E-49CC-83F0-8E874E959071}.Release|Any CPU.ActiveCfg = Release|Any CPU
		{1811712F-A06E-49CC-83F0-8E874E959071}.Release|Any CPU.Build.0 = Release|Any CPU
		{1811712F-A06E-49CC-83F0-8E874E959071}.Release|ARM.ActiveCfg = Release|Any CPU
		{1811712F-A06E-49CC-83F0-8E874E959071}.Release|ARM.Build.0 = Release|Any CPU
		{1811712F-A06E-49CC-83F0-8E874E959071}.Release|x64.ActiveCfg = Release|Any CPU
		{1811712F-A06E-49CC-83F0-8E874E959071}.Release|x64.Build.0 = Release|Any CPU
		{1811712F-A06E-49CC-83F0-8E874E959071}.Release|x86.ActiveCfg = Release|Any CPU
		{1811712F-A06E-49CC-83F0-8E874E959071}.Release|x86.Build.0 = Release|Any CPU
		{6903BAA1-4050-4917-B014-A8E58663F8B3}.Debug|Any CPU.ActiveCfg = Debug|Any CPU
		{6903BAA1-4050-4917-B014-A8E58663F8B3}.Debug|Any CPU.Build.0 = Debug|Any CPU
		{6903BAA1-4050-4917-B014-A8E58663F8B3}.Debug|ARM.ActiveCfg = Debug|Any CPU
		{6903BAA1-4050-4917-B014-A8E58663F8B3}.Debug|ARM.Build.0 = Debug|Any CPU
		{6903BAA1-4050-4917-B014-A8E58663F8B3}.Debug|x64.ActiveCfg = Debug|Any CPU
		{6903BAA1-4050-4917-B014-A8E58663F8B3}.Debug|x64.Build.0 = Debug|Any CPU
		{6903BAA1-4050-4917-B014-A8E58663F8B3}.Debug|x86.ActiveCfg = Debug|Any CPU
		{6903BAA1-4050-4917-B014-A8E58663F8B3}.Debug|x86.Build.0 = Debug|Any CPU
		{6903BAA1-4050-4917-B014-A8E58663F8B3}.Release|Any CPU.ActiveCfg = Release|Any CPU
		{6903BAA1-4050-4917-B014-A8E58663F8B3}.Release|Any CPU.Build.0 = Release|Any CPU
		{6903BAA1-4050-4917-B014-A8E58663F8B3}.Release|ARM.ActiveCfg = Release|Any CPU
		{6903BAA1-4050-4917-B014-A8E58663F8B3}.Release|ARM.Build.0 = Release|Any CPU
		{6903BAA1-4050-4917-B014-A8E58663F8B3}.Release|x64.ActiveCfg = Release|Any CPU
		{6903BAA1-4050-4917-B014-A8E58663F8B3}.Release|x64.Build.0 = Release|Any CPU
		{6903BAA1-4050-4917-B014-A8E58663F8B3}.Release|x86.ActiveCfg = Release|Any CPU
		{6903BAA1-4050-4917-B014-A8E58663F8B3}.Release|x86.Build.0 = Release|Any CPU
	EndGlobalSection
	GlobalSection(SolutionProperties) = preSolution
		HideSolutionNode = FALSE
	EndGlobalSection
	GlobalSection(NestedProjects) = preSolution
		{CBCF31C7-2C7D-4D3A-8920-38732D18BD54} = {95304EE5-05AD-4D24-8886-979A404BE858}
		{6F32B80B-3DF8-4F60-BD7A-21D7E203D614} = {95304EE5-05AD-4D24-8886-979A404BE858}
		{DC8B2787-2A1C-4273-9002-14A8EC7A1E94} = {95304EE5-05AD-4D24-8886-979A404BE858}
		{49775FDE-8AC9-43CE-901B-1F2E7399D8F6} = {95304EE5-05AD-4D24-8886-979A404BE858}
		{3E4DDFEA-02F0-469E-B09A-2D4480160552} = {95304EE5-05AD-4D24-8886-979A404BE858}
	EndGlobalSection
EndGlobal
