Microsoft Visual Studio Solution File, Format Version 12.00
# Visual Studio 15
VisualStudioVersion = 15.0.26403.3
MinimumVisualStudioVersion = 10.0.40219.1
Project("{FAE04EC0-301F-11D3-BF4B-00C04F79EFBC}") = "Orion.Interfaces", "Orion.Interfaces\Orion.Interfaces.csproj", "{04ACFB94-D7CF-4AB1-B521-A3DB1F902C63}"
EndProject
Project("{FAE04EC0-301F-11D3-BF4B-00C04F79EFBC}") = "Orion.Shared", "Orion.Shared\Orion.Shared.csproj", "{31647FC1-4A1D-4EE2-B38E-7D514E78ABA7}"
EndProject
Project("{FAE04EC0-301F-11D3-BF4B-00C04F79EFBC}") = "Orion.UWP", "Orion.UWP\Orion.UWP.csproj", "{7BFB0EE8-DE4C-4360-B570-E5136A8172E5}"
EndProject
Project("{FAE04EC0-301F-11D3-BF4B-00C04F79EFBC}") = "Orion.Droid", "Orion.Droid\Orion.Droid.csproj", "{A4189F4A-482E-4B17-A009-09FE5C8E9107}"
EndProject
Project("{FAE04EC0-301F-11D3-BF4B-00C04F79EFBC}") = "Orion.iOS", "Orion.iOS\Orion.iOS.csproj", "{06C603F6-35C3-4520-9A20-2A05EF32582A}"
EndProject
Project("{FAE04EC0-301F-11D3-BF4B-00C04F79EFBC}") = "Orion.Mac", "Orion.Mac\Orion.Mac.csproj", "{03106545-F08B-416C-98DB-3BF1BD2D924B}"
EndProject
Global
	GlobalSection(SolutionConfigurationPlatforms) = preSolution
		Ad-Hoc|Any CPU = Ad-Hoc|Any CPU
		Ad-Hoc|ARM = Ad-Hoc|ARM
		Ad-Hoc|iPhone = Ad-Hoc|iPhone
		Ad-Hoc|iPhoneSimulator = Ad-Hoc|iPhoneSimulator
		Ad-Hoc|x64 = Ad-Hoc|x64
		Ad-Hoc|x86 = Ad-Hoc|x86
		AppStore|Any CPU = AppStore|Any CPU
		AppStore|ARM = AppStore|ARM
		AppStore|iPhone = AppStore|iPhone
		AppStore|iPhoneSimulator = AppStore|iPhoneSimulator
		AppStore|x64 = AppStore|x64
		AppStore|x86 = AppStore|x86
		Debug|Any CPU = Debug|Any CPU
		Debug|ARM = Debug|ARM
		Debug|iPhone = Debug|iPhone
		Debug|iPhoneSimulator = Debug|iPhoneSimulator
		Debug|x64 = Debug|x64
		Debug|x86 = Debug|x86
		Release|Any CPU = Release|Any CPU
		Release|ARM = Release|ARM
		Release|iPhone = Release|iPhone
		Release|iPhoneSimulator = Release|iPhoneSimulator
		Release|x64 = Release|x64
		Release|x86 = Release|x86
	EndGlobalSection
	GlobalSection(ProjectConfigurationPlatforms) = postSolution
		{04ACFB94-D7CF-4AB1-B521-A3DB1F902C63}.Ad-Hoc|Any CPU.ActiveCfg = Debug|Any CPU
		{04ACFB94-D7CF-4AB1-B521-A3DB1F902C63}.Ad-Hoc|Any CPU.Build.0 = Debug|Any CPU
		{04ACFB94-D7CF-4AB1-B521-A3DB1F902C63}.Ad-Hoc|ARM.ActiveCfg = Debug|Any CPU
		{04ACFB94-D7CF-4AB1-B521-A3DB1F902C63}.Ad-Hoc|ARM.Build.0 = Debug|Any CPU
		{04ACFB94-D7CF-4AB1-B521-A3DB1F902C63}.Ad-Hoc|iPhone.ActiveCfg = Debug|Any CPU
		{04ACFB94-D7CF-4AB1-B521-A3DB1F902C63}.Ad-Hoc|iPhone.Build.0 = Debug|Any CPU
		{04ACFB94-D7CF-4AB1-B521-A3DB1F902C63}.Ad-Hoc|iPhoneSimulator.ActiveCfg = Debug|Any CPU
		{04ACFB94-D7CF-4AB1-B521-A3DB1F902C63}.Ad-Hoc|iPhoneSimulator.Build.0 = Debug|Any CPU
		{04ACFB94-D7CF-4AB1-B521-A3DB1F902C63}.Ad-Hoc|x64.ActiveCfg = Debug|Any CPU
		{04ACFB94-D7CF-4AB1-B521-A3DB1F902C63}.Ad-Hoc|x64.Build.0 = Debug|Any CPU
		{04ACFB94-D7CF-4AB1-B521-A3DB1F902C63}.Ad-Hoc|x86.ActiveCfg = Debug|Any CPU
		{04ACFB94-D7CF-4AB1-B521-A3DB1F902C63}.Ad-Hoc|x86.Build.0 = Debug|Any CPU
		{04ACFB94-D7CF-4AB1-B521-A3DB1F902C63}.AppStore|Any CPU.ActiveCfg = Debug|Any CPU
		{04ACFB94-D7CF-4AB1-B521-A3DB1F902C63}.AppStore|Any CPU.Build.0 = Debug|Any CPU
		{04ACFB94-D7CF-4AB1-B521-A3DB1F902C63}.AppStore|ARM.ActiveCfg = Debug|Any CPU
		{04ACFB94-D7CF-4AB1-B521-A3DB1F902C63}.AppStore|ARM.Build.0 = Debug|Any CPU
		{04ACFB94-D7CF-4AB1-B521-A3DB1F902C63}.AppStore|iPhone.ActiveCfg = Debug|Any CPU
		{04ACFB94-D7CF-4AB1-B521-A3DB1F902C63}.AppStore|iPhone.Build.0 = Debug|Any CPU
		{04ACFB94-D7CF-4AB1-B521-A3DB1F902C63}.AppStore|iPhoneSimulator.ActiveCfg = Debug|Any CPU
		{04ACFB94-D7CF-4AB1-B521-A3DB1F902C63}.AppStore|iPhoneSimulator.Build.0 = Debug|Any CPU
		{04ACFB94-D7CF-4AB1-B521-A3DB1F902C63}.AppStore|x64.ActiveCfg = Debug|Any CPU
		{04ACFB94-D7CF-4AB1-B521-A3DB1F902C63}.AppStore|x64.Build.0 = Debug|Any CPU
		{04ACFB94-D7CF-4AB1-B521-A3DB1F902C63}.AppStore|x86.ActiveCfg = Debug|Any CPU
		{04ACFB94-D7CF-4AB1-B521-A3DB1F902C63}.AppStore|x86.Build.0 = Debug|Any CPU
		{04ACFB94-D7CF-4AB1-B521-A3DB1F902C63}.Debug|Any CPU.ActiveCfg = Debug|Any CPU
		{04ACFB94-D7CF-4AB1-B521-A3DB1F902C63}.Debug|Any CPU.Build.0 = Debug|Any CPU
		{04ACFB94-D7CF-4AB1-B521-A3DB1F902C63}.Debug|ARM.ActiveCfg = Debug|Any CPU
		{04ACFB94-D7CF-4AB1-B521-A3DB1F902C63}.Debug|ARM.Build.0 = Debug|Any CPU
		{04ACFB94-D7CF-4AB1-B521-A3DB1F902C63}.Debug|iPhone.ActiveCfg = Debug|Any CPU
		{04ACFB94-D7CF-4AB1-B521-A3DB1F902C63}.Debug|iPhone.Build.0 = Debug|Any CPU
		{04ACFB94-D7CF-4AB1-B521-A3DB1F902C63}.Debug|iPhoneSimulator.ActiveCfg = Debug|Any CPU
		{04ACFB94-D7CF-4AB1-B521-A3DB1F902C63}.Debug|iPhoneSimulator.Build.0 = Debug|Any CPU
		{04ACFB94-D7CF-4AB1-B521-A3DB1F902C63}.Debug|x64.ActiveCfg = Debug|Any CPU
		{04ACFB94-D7CF-4AB1-B521-A3DB1F902C63}.Debug|x64.Build.0 = Debug|Any CPU
		{04ACFB94-D7CF-4AB1-B521-A3DB1F902C63}.Debug|x86.ActiveCfg = Debug|Any CPU
		{04ACFB94-D7CF-4AB1-B521-A3DB1F902C63}.Debug|x86.Build.0 = Debug|Any CPU
		{04ACFB94-D7CF-4AB1-B521-A3DB1F902C63}.Release|Any CPU.ActiveCfg = Release|Any CPU
		{04ACFB94-D7CF-4AB1-B521-A3DB1F902C63}.Release|Any CPU.Build.0 = Release|Any CPU
		{04ACFB94-D7CF-4AB1-B521-A3DB1F902C63}.Release|ARM.ActiveCfg = Release|Any CPU
		{04ACFB94-D7CF-4AB1-B521-A3DB1F902C63}.Release|ARM.Build.0 = Release|Any CPU
		{04ACFB94-D7CF-4AB1-B521-A3DB1F902C63}.Release|iPhone.ActiveCfg = Release|Any CPU
		{04ACFB94-D7CF-4AB1-B521-A3DB1F902C63}.Release|iPhone.Build.0 = Release|Any CPU
		{04ACFB94-D7CF-4AB1-B521-A3DB1F902C63}.Release|iPhoneSimulator.ActiveCfg = Release|Any CPU
		{04ACFB94-D7CF-4AB1-B521-A3DB1F902C63}.Release|iPhoneSimulator.Build.0 = Release|Any CPU
		{04ACFB94-D7CF-4AB1-B521-A3DB1F902C63}.Release|x64.ActiveCfg = Release|Any CPU
		{04ACFB94-D7CF-4AB1-B521-A3DB1F902C63}.Release|x64.Build.0 = Release|Any CPU
		{04ACFB94-D7CF-4AB1-B521-A3DB1F902C63}.Release|x86.ActiveCfg = Release|Any CPU
		{04ACFB94-D7CF-4AB1-B521-A3DB1F902C63}.Release|x86.Build.0 = Release|Any CPU
		{31647FC1-4A1D-4EE2-B38E-7D514E78ABA7}.Ad-Hoc|Any CPU.ActiveCfg = Debug|Any CPU
		{31647FC1-4A1D-4EE2-B38E-7D514E78ABA7}.Ad-Hoc|Any CPU.Build.0 = Debug|Any CPU
		{31647FC1-4A1D-4EE2-B38E-7D514E78ABA7}.Ad-Hoc|ARM.ActiveCfg = Debug|Any CPU
		{31647FC1-4A1D-4EE2-B38E-7D514E78ABA7}.Ad-Hoc|ARM.Build.0 = Debug|Any CPU
		{31647FC1-4A1D-4EE2-B38E-7D514E78ABA7}.Ad-Hoc|iPhone.ActiveCfg = Debug|Any CPU
		{31647FC1-4A1D-4EE2-B38E-7D514E78ABA7}.Ad-Hoc|iPhone.Build.0 = Debug|Any CPU
		{31647FC1-4A1D-4EE2-B38E-7D514E78ABA7}.Ad-Hoc|iPhoneSimulator.ActiveCfg = Debug|Any CPU
		{31647FC1-4A1D-4EE2-B38E-7D514E78ABA7}.Ad-Hoc|iPhoneSimulator.Build.0 = Debug|Any CPU
		{31647FC1-4A1D-4EE2-B38E-7D514E78ABA7}.Ad-Hoc|x64.ActiveCfg = Debug|Any CPU
		{31647FC1-4A1D-4EE2-B38E-7D514E78ABA7}.Ad-Hoc|x64.Build.0 = Debug|Any CPU
		{31647FC1-4A1D-4EE2-B38E-7D514E78ABA7}.Ad-Hoc|x86.ActiveCfg = Debug|Any CPU
		{31647FC1-4A1D-4EE2-B38E-7D514E78ABA7}.Ad-Hoc|x86.Build.0 = Debug|Any CPU
		{31647FC1-4A1D-4EE2-B38E-7D514E78ABA7}.AppStore|Any CPU.ActiveCfg = Debug|Any CPU
		{31647FC1-4A1D-4EE2-B38E-7D514E78ABA7}.AppStore|Any CPU.Build.0 = Debug|Any CPU
		{31647FC1-4A1D-4EE2-B38E-7D514E78ABA7}.AppStore|ARM.ActiveCfg = Debug|Any CPU
		{31647FC1-4A1D-4EE2-B38E-7D514E78ABA7}.AppStore|ARM.Build.0 = Debug|Any CPU
		{31647FC1-4A1D-4EE2-B38E-7D514E78ABA7}.AppStore|iPhone.ActiveCfg = Debug|Any CPU
		{31647FC1-4A1D-4EE2-B38E-7D514E78ABA7}.AppStore|iPhone.Build.0 = Debug|Any CPU
		{31647FC1-4A1D-4EE2-B38E-7D514E78ABA7}.AppStore|iPhoneSimulator.ActiveCfg = Debug|Any CPU
		{31647FC1-4A1D-4EE2-B38E-7D514E78ABA7}.AppStore|iPhoneSimulator.Build.0 = Debug|Any CPU
		{31647FC1-4A1D-4EE2-B38E-7D514E78ABA7}.AppStore|x64.ActiveCfg = Debug|Any CPU
		{31647FC1-4A1D-4EE2-B38E-7D514E78ABA7}.AppStore|x64.Build.0 = Debug|Any CPU
		{31647FC1-4A1D-4EE2-B38E-7D514E78ABA7}.AppStore|x86.ActiveCfg = Debug|Any CPU
		{31647FC1-4A1D-4EE2-B38E-7D514E78ABA7}.AppStore|x86.Build.0 = Debug|Any CPU
		{31647FC1-4A1D-4EE2-B38E-7D514E78ABA7}.Debug|Any CPU.ActiveCfg = Debug|Any CPU
		{31647FC1-4A1D-4EE2-B38E-7D514E78ABA7}.Debug|Any CPU.Build.0 = Debug|Any CPU
		{31647FC1-4A1D-4EE2-B38E-7D514E78ABA7}.Debug|ARM.ActiveCfg = Debug|Any CPU
		{31647FC1-4A1D-4EE2-B38E-7D514E78ABA7}.Debug|ARM.Build.0 = Debug|Any CPU
		{31647FC1-4A1D-4EE2-B38E-7D514E78ABA7}.Debug|iPhone.ActiveCfg = Debug|Any CPU
		{31647FC1-4A1D-4EE2-B38E-7D514E78ABA7}.Debug|iPhone.Build.0 = Debug|Any CPU
		{31647FC1-4A1D-4EE2-B38E-7D514E78ABA7}.Debug|iPhoneSimulator.ActiveCfg = Debug|Any CPU
		{31647FC1-4A1D-4EE2-B38E-7D514E78ABA7}.Debug|iPhoneSimulator.Build.0 = Debug|Any CPU
		{31647FC1-4A1D-4EE2-B38E-7D514E78ABA7}.Debug|x64.ActiveCfg = Debug|Any CPU
		{31647FC1-4A1D-4EE2-B38E-7D514E78ABA7}.Debug|x64.Build.0 = Debug|Any CPU
		{31647FC1-4A1D-4EE2-B38E-7D514E78ABA7}.Debug|x86.ActiveCfg = Debug|Any CPU
		{31647FC1-4A1D-4EE2-B38E-7D514E78ABA7}.Debug|x86.Build.0 = Debug|Any CPU
		{31647FC1-4A1D-4EE2-B38E-7D514E78ABA7}.Release|Any CPU.ActiveCfg = Release|Any CPU
		{31647FC1-4A1D-4EE2-B38E-7D514E78ABA7}.Release|Any CPU.Build.0 = Release|Any CPU
		{31647FC1-4A1D-4EE2-B38E-7D514E78ABA7}.Release|ARM.ActiveCfg = Release|Any CPU
		{31647FC1-4A1D-4EE2-B38E-7D514E78ABA7}.Release|ARM.Build.0 = Release|Any CPU
		{31647FC1-4A1D-4EE2-B38E-7D514E78ABA7}.Release|iPhone.ActiveCfg = Release|Any CPU
		{31647FC1-4A1D-4EE2-B38E-7D514E78ABA7}.Release|iPhone.Build.0 = Release|Any CPU
		{31647FC1-4A1D-4EE2-B38E-7D514E78ABA7}.Release|iPhoneSimulator.ActiveCfg = Release|Any CPU
		{31647FC1-4A1D-4EE2-B38E-7D514E78ABA7}.Release|iPhoneSimulator.Build.0 = Release|Any CPU
		{31647FC1-4A1D-4EE2-B38E-7D514E78ABA7}.Release|x64.ActiveCfg = Release|Any CPU
		{31647FC1-4A1D-4EE2-B38E-7D514E78ABA7}.Release|x64.Build.0 = Release|Any CPU
		{31647FC1-4A1D-4EE2-B38E-7D514E78ABA7}.Release|x86.ActiveCfg = Release|Any CPU
		{31647FC1-4A1D-4EE2-B38E-7D514E78ABA7}.Release|x86.Build.0 = Release|Any CPU
		{7BFB0EE8-DE4C-4360-B570-E5136A8172E5}.Ad-Hoc|Any CPU.ActiveCfg = Release|x64
		{7BFB0EE8-DE4C-4360-B570-E5136A8172E5}.Ad-Hoc|Any CPU.Build.0 = Release|x64
		{7BFB0EE8-DE4C-4360-B570-E5136A8172E5}.Ad-Hoc|Any CPU.Deploy.0 = Release|x64
		{7BFB0EE8-DE4C-4360-B570-E5136A8172E5}.Ad-Hoc|ARM.ActiveCfg = Release|ARM
		{7BFB0EE8-DE4C-4360-B570-E5136A8172E5}.Ad-Hoc|ARM.Build.0 = Release|ARM
		{7BFB0EE8-DE4C-4360-B570-E5136A8172E5}.Ad-Hoc|ARM.Deploy.0 = Release|ARM
		{7BFB0EE8-DE4C-4360-B570-E5136A8172E5}.Ad-Hoc|iPhone.ActiveCfg = Release|x64
		{7BFB0EE8-DE4C-4360-B570-E5136A8172E5}.Ad-Hoc|iPhone.Build.0 = Release|x64
		{7BFB0EE8-DE4C-4360-B570-E5136A8172E5}.Ad-Hoc|iPhone.Deploy.0 = Release|x64
		{7BFB0EE8-DE4C-4360-B570-E5136A8172E5}.Ad-Hoc|iPhoneSimulator.ActiveCfg = Release|x64
		{7BFB0EE8-DE4C-4360-B570-E5136A8172E5}.Ad-Hoc|iPhoneSimulator.Build.0 = Release|x64
		{7BFB0EE8-DE4C-4360-B570-E5136A8172E5}.Ad-Hoc|iPhoneSimulator.Deploy.0 = Release|x64
		{7BFB0EE8-DE4C-4360-B570-E5136A8172E5}.Ad-Hoc|x64.ActiveCfg = Release|x64
		{7BFB0EE8-DE4C-4360-B570-E5136A8172E5}.Ad-Hoc|x64.Build.0 = Release|x64
		{7BFB0EE8-DE4C-4360-B570-E5136A8172E5}.Ad-Hoc|x64.Deploy.0 = Release|x64
		{7BFB0EE8-DE4C-4360-B570-E5136A8172E5}.Ad-Hoc|x86.ActiveCfg = Release|x86
		{7BFB0EE8-DE4C-4360-B570-E5136A8172E5}.Ad-Hoc|x86.Build.0 = Release|x86
		{7BFB0EE8-DE4C-4360-B570-E5136A8172E5}.Ad-Hoc|x86.Deploy.0 = Release|x86
		{7BFB0EE8-DE4C-4360-B570-E5136A8172E5}.AppStore|Any CPU.ActiveCfg = Release|x64
		{7BFB0EE8-DE4C-4360-B570-E5136A8172E5}.AppStore|Any CPU.Build.0 = Release|x64
		{7BFB0EE8-DE4C-4360-B570-E5136A8172E5}.AppStore|Any CPU.Deploy.0 = Release|x64
		{7BFB0EE8-DE4C-4360-B570-E5136A8172E5}.AppStore|ARM.ActiveCfg = Release|ARM
		{7BFB0EE8-DE4C-4360-B570-E5136A8172E5}.AppStore|ARM.Build.0 = Release|ARM
		{7BFB0EE8-DE4C-4360-B570-E5136A8172E5}.AppStore|ARM.Deploy.0 = Release|ARM
		{7BFB0EE8-DE4C-4360-B570-E5136A8172E5}.AppStore|iPhone.ActiveCfg = Release|x64
		{7BFB0EE8-DE4C-4360-B570-E5136A8172E5}.AppStore|iPhone.Build.0 = Release|x64
		{7BFB0EE8-DE4C-4360-B570-E5136A8172E5}.AppStore|iPhone.Deploy.0 = Release|x64
		{7BFB0EE8-DE4C-4360-B570-E5136A8172E5}.AppStore|iPhoneSimulator.ActiveCfg = Release|x64
		{7BFB0EE8-DE4C-4360-B570-E5136A8172E5}.AppStore|iPhoneSimulator.Build.0 = Release|x64
		{7BFB0EE8-DE4C-4360-B570-E5136A8172E5}.AppStore|iPhoneSimulator.Deploy.0 = Release|x64
		{7BFB0EE8-DE4C-4360-B570-E5136A8172E5}.AppStore|x64.ActiveCfg = Release|x64
		{7BFB0EE8-DE4C-4360-B570-E5136A8172E5}.AppStore|x64.Build.0 = Release|x64
		{7BFB0EE8-DE4C-4360-B570-E5136A8172E5}.AppStore|x64.Deploy.0 = Release|x64
		{7BFB0EE8-DE4C-4360-B570-E5136A8172E5}.AppStore|x86.ActiveCfg = Release|x86
		{7BFB0EE8-DE4C-4360-B570-E5136A8172E5}.AppStore|x86.Build.0 = Release|x86
		{7BFB0EE8-DE4C-4360-B570-E5136A8172E5}.AppStore|x86.Deploy.0 = Release|x86
		{7BFB0EE8-DE4C-4360-B570-E5136A8172E5}.Debug|Any CPU.ActiveCfg = Debug|x86
		{7BFB0EE8-DE4C-4360-B570-E5136A8172E5}.Debug|ARM.ActiveCfg = Debug|ARM
		{7BFB0EE8-DE4C-4360-B570-E5136A8172E5}.Debug|ARM.Build.0 = Debug|ARM
		{7BFB0EE8-DE4C-4360-B570-E5136A8172E5}.Debug|ARM.Deploy.0 = Debug|ARM
		{7BFB0EE8-DE4C-4360-B570-E5136A8172E5}.Debug|iPhone.ActiveCfg = Debug|x86
		{7BFB0EE8-DE4C-4360-B570-E5136A8172E5}.Debug|iPhoneSimulator.ActiveCfg = Debug|x86
		{7BFB0EE8-DE4C-4360-B570-E5136A8172E5}.Debug|x64.ActiveCfg = Debug|x64
		{7BFB0EE8-DE4C-4360-B570-E5136A8172E5}.Debug|x64.Build.0 = Debug|x64
		{7BFB0EE8-DE4C-4360-B570-E5136A8172E5}.Debug|x64.Deploy.0 = Debug|x64
		{7BFB0EE8-DE4C-4360-B570-E5136A8172E5}.Debug|x86.ActiveCfg = Debug|x86
		{7BFB0EE8-DE4C-4360-B570-E5136A8172E5}.Debug|x86.Build.0 = Debug|x86
		{7BFB0EE8-DE4C-4360-B570-E5136A8172E5}.Debug|x86.Deploy.0 = Debug|x86
		{7BFB0EE8-DE4C-4360-B570-E5136A8172E5}.Release|Any CPU.ActiveCfg = Release|x86
		{7BFB0EE8-DE4C-4360-B570-E5136A8172E5}.Release|ARM.ActiveCfg = Release|ARM
		{7BFB0EE8-DE4C-4360-B570-E5136A8172E5}.Release|ARM.Build.0 = Release|ARM
		{7BFB0EE8-DE4C-4360-B570-E5136A8172E5}.Release|ARM.Deploy.0 = Release|ARM
		{7BFB0EE8-DE4C-4360-B570-E5136A8172E5}.Release|iPhone.ActiveCfg = Release|x86
		{7BFB0EE8-DE4C-4360-B570-E5136A8172E5}.Release|iPhoneSimulator.ActiveCfg = Release|x86
		{7BFB0EE8-DE4C-4360-B570-E5136A8172E5}.Release|x64.ActiveCfg = Release|x64
		{7BFB0EE8-DE4C-4360-B570-E5136A8172E5}.Release|x64.Build.0 = Release|x64
		{7BFB0EE8-DE4C-4360-B570-E5136A8172E5}.Release|x64.Deploy.0 = Release|x64
		{7BFB0EE8-DE4C-4360-B570-E5136A8172E5}.Release|x86.ActiveCfg = Release|x86
		{7BFB0EE8-DE4C-4360-B570-E5136A8172E5}.Release|x86.Build.0 = Release|x86
		{7BFB0EE8-DE4C-4360-B570-E5136A8172E5}.Release|x86.Deploy.0 = Release|x86
		{A4189F4A-482E-4B17-A009-09FE5C8E9107}.Ad-Hoc|Any CPU.ActiveCfg = Release|Any CPU
		{A4189F4A-482E-4B17-A009-09FE5C8E9107}.Ad-Hoc|Any CPU.Build.0 = Release|Any CPU
		{A4189F4A-482E-4B17-A009-09FE5C8E9107}.Ad-Hoc|Any CPU.Deploy.0 = Release|Any CPU
		{A4189F4A-482E-4B17-A009-09FE5C8E9107}.Ad-Hoc|ARM.ActiveCfg = Release|Any CPU
		{A4189F4A-482E-4B17-A009-09FE5C8E9107}.Ad-Hoc|ARM.Build.0 = Release|Any CPU
		{A4189F4A-482E-4B17-A009-09FE5C8E9107}.Ad-Hoc|ARM.Deploy.0 = Release|Any CPU
		{A4189F4A-482E-4B17-A009-09FE5C8E9107}.Ad-Hoc|iPhone.ActiveCfg = Release|Any CPU
		{A4189F4A-482E-4B17-A009-09FE5C8E9107}.Ad-Hoc|iPhone.Build.0 = Release|Any CPU
		{A4189F4A-482E-4B17-A009-09FE5C8E9107}.Ad-Hoc|iPhone.Deploy.0 = Release|Any CPU
		{A4189F4A-482E-4B17-A009-09FE5C8E9107}.Ad-Hoc|iPhoneSimulator.ActiveCfg = Release|Any CPU
		{A4189F4A-482E-4B17-A009-09FE5C8E9107}.Ad-Hoc|iPhoneSimulator.Build.0 = Release|Any CPU
		{A4189F4A-482E-4B17-A009-09FE5C8E9107}.Ad-Hoc|iPhoneSimulator.Deploy.0 = Release|Any CPU
		{A4189F4A-482E-4B17-A009-09FE5C8E9107}.Ad-Hoc|x64.ActiveCfg = Release|Any CPU
		{A4189F4A-482E-4B17-A009-09FE5C8E9107}.Ad-Hoc|x64.Build.0 = Release|Any CPU
		{A4189F4A-482E-4B17-A009-09FE5C8E9107}.Ad-Hoc|x64.Deploy.0 = Release|Any CPU
		{A4189F4A-482E-4B17-A009-09FE5C8E9107}.Ad-Hoc|x86.ActiveCfg = Release|Any CPU
		{A4189F4A-482E-4B17-A009-09FE5C8E9107}.Ad-Hoc|x86.Build.0 = Release|Any CPU
		{A4189F4A-482E-4B17-A009-09FE5C8E9107}.Ad-Hoc|x86.Deploy.0 = Release|Any CPU
		{A4189F4A-482E-4B17-A009-09FE5C8E9107}.AppStore|Any CPU.ActiveCfg = Release|Any CPU
		{A4189F4A-482E-4B17-A009-09FE5C8E9107}.AppStore|Any CPU.Build.0 = Release|Any CPU
		{A4189F4A-482E-4B17-A009-09FE5C8E9107}.AppStore|Any CPU.Deploy.0 = Release|Any CPU
		{A4189F4A-482E-4B17-A009-09FE5C8E9107}.AppStore|ARM.ActiveCfg = Release|Any CPU
		{A4189F4A-482E-4B17-A009-09FE5C8E9107}.AppStore|ARM.Build.0 = Release|Any CPU
		{A4189F4A-482E-4B17-A009-09FE5C8E9107}.AppStore|ARM.Deploy.0 = Release|Any CPU
		{A4189F4A-482E-4B17-A009-09FE5C8E9107}.AppStore|iPhone.ActiveCfg = Release|Any CPU
		{A4189F4A-482E-4B17-A009-09FE5C8E9107}.AppStore|iPhone.Build.0 = Release|Any CPU
		{A4189F4A-482E-4B17-A009-09FE5C8E9107}.AppStore|iPhone.Deploy.0 = Release|Any CPU
		{A4189F4A-482E-4B17-A009-09FE5C8E9107}.AppStore|iPhoneSimulator.ActiveCfg = Release|Any CPU
		{A4189F4A-482E-4B17-A009-09FE5C8E9107}.AppStore|iPhoneSimulator.Build.0 = Release|Any CPU
		{A4189F4A-482E-4B17-A009-09FE5C8E9107}.AppStore|iPhoneSimulator.Deploy.0 = Release|Any CPU
		{A4189F4A-482E-4B17-A009-09FE5C8E9107}.AppStore|x64.ActiveCfg = Release|Any CPU
		{A4189F4A-482E-4B17-A009-09FE5C8E9107}.AppStore|x64.Build.0 = Release|Any CPU
		{A4189F4A-482E-4B17-A009-09FE5C8E9107}.AppStore|x64.Deploy.0 = Release|Any CPU
		{A4189F4A-482E-4B17-A009-09FE5C8E9107}.AppStore|x86.ActiveCfg = Release|Any CPU
		{A4189F4A-482E-4B17-A009-09FE5C8E9107}.AppStore|x86.Build.0 = Release|Any CPU
		{A4189F4A-482E-4B17-A009-09FE5C8E9107}.AppStore|x86.Deploy.0 = Release|Any CPU
		{A4189F4A-482E-4B17-A009-09FE5C8E9107}.Debug|Any CPU.ActiveCfg = Debug|Any CPU
		{A4189F4A-482E-4B17-A009-09FE5C8E9107}.Debug|Any CPU.Build.0 = Debug|Any CPU
		{A4189F4A-482E-4B17-A009-09FE5C8E9107}.Debug|Any CPU.Deploy.0 = Debug|Any CPU
		{A4189F4A-482E-4B17-A009-09FE5C8E9107}.Debug|ARM.ActiveCfg = Debug|Any CPU
		{A4189F4A-482E-4B17-A009-09FE5C8E9107}.Debug|ARM.Build.0 = Debug|Any CPU
		{A4189F4A-482E-4B17-A009-09FE5C8E9107}.Debug|ARM.Deploy.0 = Debug|Any CPU
		{A4189F4A-482E-4B17-A009-09FE5C8E9107}.Debug|iPhone.ActiveCfg = Debug|Any CPU
		{A4189F4A-482E-4B17-A009-09FE5C8E9107}.Debug|iPhone.Build.0 = Debug|Any CPU
		{A4189F4A-482E-4B17-A009-09FE5C8E9107}.Debug|iPhone.Deploy.0 = Debug|Any CPU
		{A4189F4A-482E-4B17-A009-09FE5C8E9107}.Debug|iPhoneSimulator.ActiveCfg = Debug|Any CPU
		{A4189F4A-482E-4B17-A009-09FE5C8E9107}.Debug|iPhoneSimulator.Build.0 = Debug|Any CPU
		{A4189F4A-482E-4B17-A009-09FE5C8E9107}.Debug|iPhoneSimulator.Deploy.0 = Debug|Any CPU
		{A4189F4A-482E-4B17-A009-09FE5C8E9107}.Debug|x64.ActiveCfg = Debug|Any CPU
		{A4189F4A-482E-4B17-A009-09FE5C8E9107}.Debug|x64.Build.0 = Debug|Any CPU
		{A4189F4A-482E-4B17-A009-09FE5C8E9107}.Debug|x64.Deploy.0 = Debug|Any CPU
		{A4189F4A-482E-4B17-A009-09FE5C8E9107}.Debug|x86.ActiveCfg = Debug|Any CPU
		{A4189F4A-482E-4B17-A009-09FE5C8E9107}.Debug|x86.Build.0 = Debug|Any CPU
		{A4189F4A-482E-4B17-A009-09FE5C8E9107}.Debug|x86.Deploy.0 = Debug|Any CPU
		{A4189F4A-482E-4B17-A009-09FE5C8E9107}.Release|Any CPU.ActiveCfg = Release|Any CPU
		{A4189F4A-482E-4B17-A009-09FE5C8E9107}.Release|Any CPU.Build.0 = Release|Any CPU
		{A4189F4A-482E-4B17-A009-09FE5C8E9107}.Release|Any CPU.Deploy.0 = Release|Any CPU
		{A4189F4A-482E-4B17-A009-09FE5C8E9107}.Release|ARM.ActiveCfg = Release|Any CPU
		{A4189F4A-482E-4B17-A009-09FE5C8E9107}.Release|ARM.Build.0 = Release|Any CPU
		{A4189F4A-482E-4B17-A009-09FE5C8E9107}.Release|ARM.Deploy.0 = Release|Any CPU
		{A4189F4A-482E-4B17-A009-09FE5C8E9107}.Release|iPhone.ActiveCfg = Release|Any CPU
		{A4189F4A-482E-4B17-A009-09FE5C8E9107}.Release|iPhone.Build.0 = Release|Any CPU
		{A4189F4A-482E-4B17-A009-09FE5C8E9107}.Release|iPhone.Deploy.0 = Release|Any CPU
		{A4189F4A-482E-4B17-A009-09FE5C8E9107}.Release|iPhoneSimulator.ActiveCfg = Release|Any CPU
		{A4189F4A-482E-4B17-A009-09FE5C8E9107}.Release|iPhoneSimulator.Build.0 = Release|Any CPU
		{A4189F4A-482E-4B17-A009-09FE5C8E9107}.Release|iPhoneSimulator.Deploy.0 = Release|Any CPU
		{A4189F4A-482E-4B17-A009-09FE5C8E9107}.Release|x64.ActiveCfg = Release|Any CPU
		{A4189F4A-482E-4B17-A009-09FE5C8E9107}.Release|x64.Build.0 = Release|Any CPU
		{A4189F4A-482E-4B17-A009-09FE5C8E9107}.Release|x64.Deploy.0 = Release|Any CPU
		{A4189F4A-482E-4B17-A009-09FE5C8E9107}.Release|x86.ActiveCfg = Release|Any CPU
		{A4189F4A-482E-4B17-A009-09FE5C8E9107}.Release|x86.Build.0 = Release|Any CPU
		{A4189F4A-482E-4B17-A009-09FE5C8E9107}.Release|x86.Deploy.0 = Release|Any CPU
		{06C603F6-35C3-4520-9A20-2A05EF32582A}.Ad-Hoc|Any CPU.ActiveCfg = Ad-Hoc|iPhone
		{06C603F6-35C3-4520-9A20-2A05EF32582A}.Ad-Hoc|ARM.ActiveCfg = Ad-Hoc|iPhone
		{06C603F6-35C3-4520-9A20-2A05EF32582A}.Ad-Hoc|iPhone.ActiveCfg = Ad-Hoc|iPhone
		{06C603F6-35C3-4520-9A20-2A05EF32582A}.Ad-Hoc|iPhone.Build.0 = Ad-Hoc|iPhone
		{06C603F6-35C3-4520-9A20-2A05EF32582A}.Ad-Hoc|iPhoneSimulator.ActiveCfg = Ad-Hoc|iPhoneSimulator
		{06C603F6-35C3-4520-9A20-2A05EF32582A}.Ad-Hoc|iPhoneSimulator.Build.0 = Ad-Hoc|iPhoneSimulator
		{06C603F6-35C3-4520-9A20-2A05EF32582A}.Ad-Hoc|x64.ActiveCfg = Ad-Hoc|iPhone
		{06C603F6-35C3-4520-9A20-2A05EF32582A}.Ad-Hoc|x86.ActiveCfg = Ad-Hoc|iPhone
		{06C603F6-35C3-4520-9A20-2A05EF32582A}.AppStore|Any CPU.ActiveCfg = AppStore|iPhone
		{06C603F6-35C3-4520-9A20-2A05EF32582A}.AppStore|ARM.ActiveCfg = AppStore|iPhone
		{06C603F6-35C3-4520-9A20-2A05EF32582A}.AppStore|iPhone.ActiveCfg = AppStore|iPhone
		{06C603F6-35C3-4520-9A20-2A05EF32582A}.AppStore|iPhone.Build.0 = AppStore|iPhone
		{06C603F6-35C3-4520-9A20-2A05EF32582A}.AppStore|iPhoneSimulator.ActiveCfg = AppStore|iPhoneSimulator
		{06C603F6-35C3-4520-9A20-2A05EF32582A}.AppStore|iPhoneSimulator.Build.0 = AppStore|iPhoneSimulator
		{06C603F6-35C3-4520-9A20-2A05EF32582A}.AppStore|x64.ActiveCfg = AppStore|iPhone
		{06C603F6-35C3-4520-9A20-2A05EF32582A}.AppStore|x86.ActiveCfg = AppStore|iPhone
		{06C603F6-35C3-4520-9A20-2A05EF32582A}.Debug|Any CPU.ActiveCfg = Debug|iPhone
		{06C603F6-35C3-4520-9A20-2A05EF32582A}.Debug|ARM.ActiveCfg = Debug|iPhone
		{06C603F6-35C3-4520-9A20-2A05EF32582A}.Debug|iPhone.ActiveCfg = Debug|iPhone
		{06C603F6-35C3-4520-9A20-2A05EF32582A}.Debug|iPhone.Build.0 = Debug|iPhone
		{06C603F6-35C3-4520-9A20-2A05EF32582A}.Debug|iPhoneSimulator.ActiveCfg = Debug|iPhoneSimulator
		{06C603F6-35C3-4520-9A20-2A05EF32582A}.Debug|iPhoneSimulator.Build.0 = Debug|iPhoneSimulator
		{06C603F6-35C3-4520-9A20-2A05EF32582A}.Debug|x64.ActiveCfg = Debug|iPhone
		{06C603F6-35C3-4520-9A20-2A05EF32582A}.Debug|x86.ActiveCfg = Debug|iPhone
		{06C603F6-35C3-4520-9A20-2A05EF32582A}.Release|Any CPU.ActiveCfg = Release|iPhone
		{06C603F6-35C3-4520-9A20-2A05EF32582A}.Release|ARM.ActiveCfg = Release|iPhone
		{06C603F6-35C3-4520-9A20-2A05EF32582A}.Release|iPhone.ActiveCfg = Release|iPhone
		{06C603F6-35C3-4520-9A20-2A05EF32582A}.Release|iPhone.Build.0 = Release|iPhone
		{06C603F6-35C3-4520-9A20-2A05EF32582A}.Release|iPhoneSimulator.ActiveCfg = Release|iPhoneSimulator
		{06C603F6-35C3-4520-9A20-2A05EF32582A}.Release|iPhoneSimulator.Build.0 = Release|iPhoneSimulator
		{06C603F6-35C3-4520-9A20-2A05EF32582A}.Release|x64.ActiveCfg = Release|iPhone
		{06C603F6-35C3-4520-9A20-2A05EF32582A}.Release|x86.ActiveCfg = Release|iPhone
		{03106545-F08B-416C-98DB-3BF1BD2D924B}.Ad-Hoc|Any CPU.ActiveCfg = Release|Any CPU
		{03106545-F08B-416C-98DB-3BF1BD2D924B}.Ad-Hoc|Any CPU.Build.0 = Release|Any CPU
		{03106545-F08B-416C-98DB-3BF1BD2D924B}.Ad-Hoc|ARM.ActiveCfg = Release|Any CPU
		{03106545-F08B-416C-98DB-3BF1BD2D924B}.Ad-Hoc|ARM.Build.0 = Release|Any CPU
		{03106545-F08B-416C-98DB-3BF1BD2D924B}.Ad-Hoc|iPhone.ActiveCfg = Release|Any CPU
		{03106545-F08B-416C-98DB-3BF1BD2D924B}.Ad-Hoc|iPhone.Build.0 = Release|Any CPU
		{03106545-F08B-416C-98DB-3BF1BD2D924B}.Ad-Hoc|iPhoneSimulator.ActiveCfg = Release|Any CPU
		{03106545-F08B-416C-98DB-3BF1BD2D924B}.Ad-Hoc|iPhoneSimulator.Build.0 = Release|Any CPU
		{03106545-F08B-416C-98DB-3BF1BD2D924B}.Ad-Hoc|x64.ActiveCfg = Release|Any CPU
		{03106545-F08B-416C-98DB-3BF1BD2D924B}.Ad-Hoc|x64.Build.0 = Release|Any CPU
		{03106545-F08B-416C-98DB-3BF1BD2D924B}.Ad-Hoc|x86.ActiveCfg = Release|Any CPU
		{03106545-F08B-416C-98DB-3BF1BD2D924B}.Ad-Hoc|x86.Build.0 = Release|Any CPU
		{03106545-F08B-416C-98DB-3BF1BD2D924B}.AppStore|Any CPU.ActiveCfg = Release|Any CPU
		{03106545-F08B-416C-98DB-3BF1BD2D924B}.AppStore|Any CPU.Build.0 = Release|Any CPU
		{03106545-F08B-416C-98DB-3BF1BD2D924B}.AppStore|ARM.ActiveCfg = Release|Any CPU
		{03106545-F08B-416C-98DB-3BF1BD2D924B}.AppStore|ARM.Build.0 = Release|Any CPU
		{03106545-F08B-416C-98DB-3BF1BD2D924B}.AppStore|iPhone.ActiveCfg = Release|Any CPU
		{03106545-F08B-416C-98DB-3BF1BD2D924B}.AppStore|iPhone.Build.0 = Release|Any CPU
		{03106545-F08B-416C-98DB-3BF1BD2D924B}.AppStore|iPhoneSimulator.ActiveCfg = Release|Any CPU
		{03106545-F08B-416C-98DB-3BF1BD2D924B}.AppStore|iPhoneSimulator.Build.0 = Release|Any CPU
		{03106545-F08B-416C-98DB-3BF1BD2D924B}.AppStore|x64.ActiveCfg = Release|Any CPU
		{03106545-F08B-416C-98DB-3BF1BD2D924B}.AppStore|x64.Build.0 = Release|Any CPU
		{03106545-F08B-416C-98DB-3BF1BD2D924B}.AppStore|x86.ActiveCfg = Release|Any CPU
		{03106545-F08B-416C-98DB-3BF1BD2D924B}.AppStore|x86.Build.0 = Release|Any CPU
		{03106545-F08B-416C-98DB-3BF1BD2D924B}.Debug|Any CPU.ActiveCfg = Debug|Any CPU
		{03106545-F08B-416C-98DB-3BF1BD2D924B}.Debug|Any CPU.Build.0 = Debug|Any CPU
		{03106545-F08B-416C-98DB-3BF1BD2D924B}.Debug|ARM.ActiveCfg = Debug|Any CPU
		{03106545-F08B-416C-98DB-3BF1BD2D924B}.Debug|ARM.Build.0 = Debug|Any CPU
		{03106545-F08B-416C-98DB-3BF1BD2D924B}.Debug|iPhone.ActiveCfg = Debug|Any CPU
		{03106545-F08B-416C-98DB-3BF1BD2D924B}.Debug|iPhone.Build.0 = Debug|Any CPU
		{03106545-F08B-416C-98DB-3BF1BD2D924B}.Debug|iPhoneSimulator.ActiveCfg = Debug|Any CPU
		{03106545-F08B-416C-98DB-3BF1BD2D924B}.Debug|iPhoneSimulator.Build.0 = Debug|Any CPU
		{03106545-F08B-416C-98DB-3BF1BD2D924B}.Debug|x64.ActiveCfg = Debug|Any CPU
		{03106545-F08B-416C-98DB-3BF1BD2D924B}.Debug|x64.Build.0 = Debug|Any CPU
		{03106545-F08B-416C-98DB-3BF1BD2D924B}.Debug|x86.ActiveCfg = Debug|Any CPU
		{03106545-F08B-416C-98DB-3BF1BD2D924B}.Debug|x86.Build.0 = Debug|Any CPU
		{03106545-F08B-416C-98DB-3BF1BD2D924B}.Release|Any CPU.ActiveCfg = Release|Any CPU
		{03106545-F08B-416C-98DB-3BF1BD2D924B}.Release|Any CPU.Build.0 = Release|Any CPU
		{03106545-F08B-416C-98DB-3BF1BD2D924B}.Release|ARM.ActiveCfg = Release|Any CPU
		{03106545-F08B-416C-98DB-3BF1BD2D924B}.Release|ARM.Build.0 = Release|Any CPU
		{03106545-F08B-416C-98DB-3BF1BD2D924B}.Release|iPhone.ActiveCfg = Release|Any CPU
		{03106545-F08B-416C-98DB-3BF1BD2D924B}.Release|iPhone.Build.0 = Release|Any CPU
		{03106545-F08B-416C-98DB-3BF1BD2D924B}.Release|iPhoneSimulator.ActiveCfg = Release|Any CPU
		{03106545-F08B-416C-98DB-3BF1BD2D924B}.Release|iPhoneSimulator.Build.0 = Release|Any CPU
		{03106545-F08B-416C-98DB-3BF1BD2D924B}.Release|x64.ActiveCfg = Release|Any CPU
		{03106545-F08B-416C-98DB-3BF1BD2D924B}.Release|x64.Build.0 = Release|Any CPU
		{03106545-F08B-416C-98DB-3BF1BD2D924B}.Release|x86.ActiveCfg = Release|Any CPU
		{03106545-F08B-416C-98DB-3BF1BD2D924B}.Release|x86.Build.0 = Release|Any CPU
	EndGlobalSection
	GlobalSection(SolutionProperties) = preSolution
		HideSolutionNode = FALSE
	EndGlobalSection
EndGlobal
